
Microsoft Visual Studio Solution File, Format Version 12.00
# Visual Studio Version 17
VisualStudioVersion = 17.4.33213.308
MinimumVisualStudioVersion = 10.0.40219.1
Project("{2150E333-8FDC-42A3-9474-1A3956D46DE8}") = "C++++_Og_Net", "C++++_Og_Net", "{5889EA89-EC6A-4C2D-BFBC-FCA2FBC771A4}"
EndProject
Project("{2150E333-8FDC-42A3-9474-1A3956D46DE8}") = "SystemIntegration", "SystemIntegration", "{D0239DE8-51CD-40DB-A69F-A8217D4FDEAC}"
EndProject
Project("{2150E333-8FDC-42A3-9474-1A3956D46DE8}") = "Dag 1 Introduktion og grundlæggende C++++", "Dag 1 Introduktion og grundlæggende C++++", "{23D42821-341D-474F-A4D1-7CB8B181B3C9}"
EndProject
Project("{2150E333-8FDC-42A3-9474-1A3956D46DE8}") = "Dag 2 Sprogkonstruktioner", "Dag 2 Sprogkonstruktioner", "{89F88FBB-ABF6-41BE-BFC8-BF12C03366CF}"
EndProject
Project("{2150E333-8FDC-42A3-9474-1A3956D46DE8}") = "Dag 2 Messaging Systems and Channels", "Dag 2 Messaging Systems and Channels", "{3AE44D49-DD17-44A0-A2AF-FDD5EBA39C3E}"
EndProject
Project("{FAE04EC0-301F-11D3-BF4B-00C04F79EFBC}") = "Dag2_Opgave4_Lufthavnsinformation", "Dag2_Opgave4_Lufthavnsinformation\Dag2_Opgave4_Lufthavnsinformation.csproj", "{431690FF-5877-4BCD-B162-2EC7276A3C2D}"
EndProject
Project("{FAE04EC0-301F-11D3-BF4B-00C04F79EFBC}") = "Dag2_Opgave5_Messages_Router", "Dag2_Opgave5_Messages_Router\Dag2_Opgave5_Messages_Router.csproj", "{59477B93-1B2F-47E2-900B-8028F6EC2D4B}"
EndProject
Project("{FAE04EC0-301F-11D3-BF4B-00C04F79EFBC}") = "Dag2_Opgave3_MessagdeQuering", "Dag2_Opgave3_MessagdeQuering\Dag2_Opgave3_MessagdeQuering.csproj", "{F8E09D27-02C8-4100-8176-63BCD27FDA13}"
EndProject
Project("{9A19103F-16F7-4668-BE54-9A1E7A4F7556}") = "Dag1_Klasser", "Dag1_Klasser\Dag1_Klasser.csproj", "{85DF6CFE-C162-4D15-AFF0-2036FAF56FF4}"
EndProject
Project("{9A19103F-16F7-4668-BE54-9A1E7A4F7556}") = "Dag1_MyLibary", "Dag1_MyLibary\Dag1_MyLibary.csproj", "{17B16407-F5A0-44AE-9B64-E598769C018C}"
EndProject
Project("{9A19103F-16F7-4668-BE54-9A1E7A4F7556}") = "Dag2_Opgave3_Udskrive_Fiboraci_Talrækkefølge", "Dag2_Opgave3_Udskrive_Fiboraci_Talrækkefølge\Dag2_Opgave3_Udskrive_Fiboraci_Talrækkefølge.csproj", "{DDEA73D9-2288-42E2-8E79-669760EDC571}"
EndProject
Project("{9A19103F-16F7-4668-BE54-9A1E7A4F7556}") = "Dag2_Opgave4_DateTime_Output_Parameter", "Dag2_Opgave4_DateTime_Output_Parameter\Dag2_Opgave4_DateTime_Output_Parameter.csproj", "{032C1963-E993-4201-BCBC-319F9660AA90}"
EndProject
Project("{9A19103F-16F7-4668-BE54-9A1E7A4F7556}") = "Dag2_Session2_eksempler", "Dag2_Session2_eksempler\Dag2_Session2_eksempler.csproj", "{58DB48CA-240B-419F-9EC0-A3AA08522AC9}"
EndProject
Project("{2150E333-8FDC-42A3-9474-1A3956D46DE8}") = "Dag3_Objektorientering", "Dag3_Objektorientering", "{7AAE09A2-B42C-4712-A6E8-816ECC451659}"
EndProject
Project("{9A19103F-16F7-4668-BE54-9A1E7A4F7556}") = "Dag3_Opgave3.0", "Dag3_Opgave3.0\Dag3_Opgave3.0.csproj", "{2B9A5F83-21C6-4C5F-B00D-0D73945F5EE0}"
EndProject
Project("{9A19103F-16F7-4668-BE54-9A1E7A4F7556}") = "Dag3_Opgave3.2_Medarbejder_Mekaniker_Værkføre_synsmand", "Dag3_Opgave3.2_Medarbejder_Mekaniker_Værkføre_synsmand\Dag3_Opgave3.2_Medarbejder_Mekaniker_Værkføre_synsmand.csproj", "{4A258A4E-C5BD-4DAF-9BCC-BDE5F6533008}"
EndProject
Project("{9A19103F-16F7-4668-BE54-9A1E7A4F7556}") = "Dag3_Opgave3.8_Struct", "Dag3_Opgave3.8_Struct\Dag3_Opgave3.8_Struct.csproj", "{E8806EDA-17E5-4BDF-8475-0076A5CF5C07}"
EndProject
Project("{2150E333-8FDC-42A3-9474-1A3956D46DE8}") = "Dag4_Delegates", "Dag4_Delegates", "{9B5EEB55-B402-4A85-BE5B-793484A90AFF}"
EndProject
Project("{9A19103F-16F7-4668-BE54-9A1E7A4F7556}") = "Dag4_Opgave_4.1_Extention_Metode_Lang()", "Dag4_Opgave_4.1_Extention_Metode_Lang()\Dag4_Opgave_4.1_Extention_Metode_Lang().csproj", "{751D17AC-A13D-4602-8131-BE4EC4E4F5FC}"
EndProject
Project("{9A19103F-16F7-4668-BE54-9A1E7A4F7556}") = "Dag4_Opgave4.2A_Delegate_eventsOgListeners", "Dag4_Opgave4.2_Delegate_eventsOgListeners\Dag4_Opgave4.2A_Delegate_eventsOgListeners.csproj", "{8EA8BEF2-8AB5-4FB4-A97A-47E3B3AE452B}"
EndProject
Project("{9A19103F-16F7-4668-BE54-9A1E7A4F7556}") = "Dag4_Eksempler", "Dag4_Eksempler\Dag4_Eksempler.csproj", "{F51D9C37-3C32-405B-8F92-C48A3BE05F0E}"
EndProject
Project("{9A19103F-16F7-4668-BE54-9A1E7A4F7556}") = "Dag4_Opgave4.2B_Delegate_eventsOgListeners", "Dag4_Opgave4.2B_Delegate_eventsOgListeners\Dag4_Opgave4.2B_Delegate_eventsOgListeners.csproj", "{16BC333C-1B40-482C-91BB-09AFCE63FD2D}"
EndProject
Project("{9A19103F-16F7-4668-BE54-9A1E7A4F7556}") = "Dag4_Opgave3_Løkke_og_Rekusion_Factorial", "Dag4_Opgave3_Løkke_og_Rekusion_Factorial\Dag4_Opgave3_Løkke_og_Rekusion_Factorial.csproj", "{D411A09D-FA5D-4BD7-ADD0-94089E3CCA39}"
EndProject
Project("{9A19103F-16F7-4668-BE54-9A1E7A4F7556}") = "Dag4_Opgave4.5_spillekort_Enum", "Dag4_Opgave4.5_spillekort_Enum\Dag4_Opgave4.5_spillekort_Enum.csproj", "{117013FC-7857-4A3B-87DB-5259A65F89F1}"
EndProject
Project("{2150E333-8FDC-42A3-9474-1A3956D46DE8}") = "Dag4 - Messaging Channels", "Dag4 - Messaging Channels", "{F548B38C-2AE7-49D6-B350-4781069FECEF}"
EndProject
Project("{FAE04EC0-301F-11D3-BF4B-00C04F79EFBC}") = "Dag4_Opgave1_Point_To_Point_Channel", "Dag4_Opgave1_Point_To_Point_Channel\Dag4_Opgave1_Point_To_Point_Channel.csproj", "{8D6D5BAB-7EC8-47BD-BCD2-835582C2B503}"
EndProject
Project("{FAE04EC0-301F-11D3-BF4B-00C04F79EFBC}") = "Dag4_Opgave3_Subscriber_Channel", "Dag4_Opgave3_Subscriber_Channel\Dag4_Opgave3_Subscriber_Channel.csproj", "{440FC27E-33A5-45B2-B9FF-BD360DB85810}"
EndProject
Project("{FAE04EC0-301F-11D3-BF4B-00C04F79EFBC}") = "Dag4_Opgave4_Opg3_Med_Message_Filtering_Pattern", "Dag4_Opgave4_Opg3_Med_Message_Filtering_Pattern\Dag4_Opgave4_Opg3_Med_Message_Filtering_Pattern.csproj", "{64D27B5D-E66A-42D3-AD83-BC3DE9219470}"
EndProject
Project("{2150E333-8FDC-42A3-9474-1A3956D46DE8}") = "Dag5 - Message Construction", "Dag5 - Message Construction", "{5D71B484-D6EA-4D45-B8A7-96E5F75F20D2}"
EndProject
Project("{FAE04EC0-301F-11D3-BF4B-00C04F79EFBC}") = "Dag5_Opgave1_Request_reciver", "Dag5_Opgave1_Request_reciver\Dag5_Opgave1_Request_reciver.csproj", "{38C980C0-4F2E-4144-BC03-8610F89A87DF}"
EndProject
Project("{FAE04EC0-301F-11D3-BF4B-00C04F79EFBC}") = "Dag5_Opgave1_Tilføj_MapListe_Til_AIC_Og_Flyinformation_Klasse", "Dag5_Opgave_Tilføj_MapListe_Til_AIC_Og_Flyinformation_Klasse\Dag5_Opgave1_Tilføj_MapListe_Til_AIC_Og_Flyinformation_Klasse.csproj", "{B4E8C3BD-A416-4983-A6BF-5FF8832E4628}"
EndProject
Project("{2150E333-8FDC-42A3-9474-1A3956D46DE8}") = "Dag5_LinQ", "Dag5_LinQ", "{3AB0052B-F7A8-4BB1-9622-ECEF4643E39D}"
EndProject
Project("{FAE04EC0-301F-11D3-BF4B-00C04F79EFBC}") = "Dag5_Opgave1_Predicate_ActionDeligate", "Dag5_Opgave1_Predicate_ActionDeligate\Dag5_Opgave1_Predicate_ActionDeligate.csproj", "{31AC6735-AE5B-4E70-9664-12AD309B50BA}"
EndProject
Project("{FAE04EC0-301F-11D3-BF4B-00C04F79EFBC}") = "Dag5_Opgave2_LinkQ", "Dag5_Opgave2_LinkQ\Dag5_Opgave2_LinkQ.csproj", "{E5429098-4F42-4CC3-9D24-41B277E9BC61}"
EndProject
Project("{FAE04EC0-301F-11D3-BF4B-00C04F79EFBC}") = "Dag5_Opgave3_Datahåndtering_MedOgUden_LinkQ", "Dag5_Opgave3_Datahåndtering_MedOgUden_LinkQ\Dag5_Opgave3_Datahåndtering_MedOgUden_LinkQ.csproj", "{B18A75C0-285F-49C5-960B-44BAD9641676}"
EndProject
Global
	GlobalSection(SolutionConfigurationPlatforms) = preSolution
		Debug|Any CPU = Debug|Any CPU
		Release|Any CPU = Release|Any CPU
	EndGlobalSection
	GlobalSection(ProjectConfigurationPlatforms) = postSolution
		{431690FF-5877-4BCD-B162-2EC7276A3C2D}.Debug|Any CPU.ActiveCfg = Debug|Any CPU
		{431690FF-5877-4BCD-B162-2EC7276A3C2D}.Debug|Any CPU.Build.0 = Debug|Any CPU
		{431690FF-5877-4BCD-B162-2EC7276A3C2D}.Release|Any CPU.ActiveCfg = Release|Any CPU
		{431690FF-5877-4BCD-B162-2EC7276A3C2D}.Release|Any CPU.Build.0 = Release|Any CPU
		{59477B93-1B2F-47E2-900B-8028F6EC2D4B}.Debug|Any CPU.ActiveCfg = Debug|Any CPU
		{59477B93-1B2F-47E2-900B-8028F6EC2D4B}.Debug|Any CPU.Build.0 = Debug|Any CPU
		{59477B93-1B2F-47E2-900B-8028F6EC2D4B}.Release|Any CPU.ActiveCfg = Release|Any CPU
		{59477B93-1B2F-47E2-900B-8028F6EC2D4B}.Release|Any CPU.Build.0 = Release|Any CPU
		{F8E09D27-02C8-4100-8176-63BCD27FDA13}.Debug|Any CPU.ActiveCfg = Debug|Any CPU
		{F8E09D27-02C8-4100-8176-63BCD27FDA13}.Debug|Any CPU.Build.0 = Debug|Any CPU
		{F8E09D27-02C8-4100-8176-63BCD27FDA13}.Release|Any CPU.ActiveCfg = Release|Any CPU
		{F8E09D27-02C8-4100-8176-63BCD27FDA13}.Release|Any CPU.Build.0 = Release|Any CPU
		{85DF6CFE-C162-4D15-AFF0-2036FAF56FF4}.Debug|Any CPU.ActiveCfg = Debug|Any CPU
		{85DF6CFE-C162-4D15-AFF0-2036FAF56FF4}.Debug|Any CPU.Build.0 = Debug|Any CPU
		{85DF6CFE-C162-4D15-AFF0-2036FAF56FF4}.Release|Any CPU.ActiveCfg = Release|Any CPU
		{85DF6CFE-C162-4D15-AFF0-2036FAF56FF4}.Release|Any CPU.Build.0 = Release|Any CPU
		{17B16407-F5A0-44AE-9B64-E598769C018C}.Debug|Any CPU.ActiveCfg = Debug|Any CPU
		{17B16407-F5A0-44AE-9B64-E598769C018C}.Debug|Any CPU.Build.0 = Debug|Any CPU
		{17B16407-F5A0-44AE-9B64-E598769C018C}.Release|Any CPU.ActiveCfg = Release|Any CPU
		{17B16407-F5A0-44AE-9B64-E598769C018C}.Release|Any CPU.Build.0 = Release|Any CPU
		{DDEA73D9-2288-42E2-8E79-669760EDC571}.Debug|Any CPU.ActiveCfg = Debug|Any CPU
		{DDEA73D9-2288-42E2-8E79-669760EDC571}.Debug|Any CPU.Build.0 = Debug|Any CPU
		{DDEA73D9-2288-42E2-8E79-669760EDC571}.Release|Any CPU.ActiveCfg = Release|Any CPU
		{DDEA73D9-2288-42E2-8E79-669760EDC571}.Release|Any CPU.Build.0 = Release|Any CPU
		{032C1963-E993-4201-BCBC-319F9660AA90}.Debug|Any CPU.ActiveCfg = Debug|Any CPU
		{032C1963-E993-4201-BCBC-319F9660AA90}.Debug|Any CPU.Build.0 = Debug|Any CPU
		{032C1963-E993-4201-BCBC-319F9660AA90}.Release|Any CPU.ActiveCfg = Release|Any CPU
		{032C1963-E993-4201-BCBC-319F9660AA90}.Release|Any CPU.Build.0 = Release|Any CPU
		{58DB48CA-240B-419F-9EC0-A3AA08522AC9}.Debug|Any CPU.ActiveCfg = Debug|Any CPU
		{58DB48CA-240B-419F-9EC0-A3AA08522AC9}.Debug|Any CPU.Build.0 = Debug|Any CPU
		{58DB48CA-240B-419F-9EC0-A3AA08522AC9}.Release|Any CPU.ActiveCfg = Release|Any CPU
		{58DB48CA-240B-419F-9EC0-A3AA08522AC9}.Release|Any CPU.Build.0 = Release|Any CPU
		{2B9A5F83-21C6-4C5F-B00D-0D73945F5EE0}.Debug|Any CPU.ActiveCfg = Debug|Any CPU
		{2B9A5F83-21C6-4C5F-B00D-0D73945F5EE0}.Debug|Any CPU.Build.0 = Debug|Any CPU
		{2B9A5F83-21C6-4C5F-B00D-0D73945F5EE0}.Release|Any CPU.ActiveCfg = Release|Any CPU
		{2B9A5F83-21C6-4C5F-B00D-0D73945F5EE0}.Release|Any CPU.Build.0 = Release|Any CPU
		{4A258A4E-C5BD-4DAF-9BCC-BDE5F6533008}.Debug|Any CPU.ActiveCfg = Debug|Any CPU
		{4A258A4E-C5BD-4DAF-9BCC-BDE5F6533008}.Debug|Any CPU.Build.0 = Debug|Any CPU
		{4A258A4E-C5BD-4DAF-9BCC-BDE5F6533008}.Release|Any CPU.ActiveCfg = Release|Any CPU
		{4A258A4E-C5BD-4DAF-9BCC-BDE5F6533008}.Release|Any CPU.Build.0 = Release|Any CPU
		{E8806EDA-17E5-4BDF-8475-0076A5CF5C07}.Debug|Any CPU.ActiveCfg = Debug|Any CPU
		{E8806EDA-17E5-4BDF-8475-0076A5CF5C07}.Debug|Any CPU.Build.0 = Debug|Any CPU
		{E8806EDA-17E5-4BDF-8475-0076A5CF5C07}.Release|Any CPU.ActiveCfg = Release|Any CPU
		{E8806EDA-17E5-4BDF-8475-0076A5CF5C07}.Release|Any CPU.Build.0 = Release|Any CPU
		{751D17AC-A13D-4602-8131-BE4EC4E4F5FC}.Debug|Any CPU.ActiveCfg = Debug|Any CPU
		{751D17AC-A13D-4602-8131-BE4EC4E4F5FC}.Debug|Any CPU.Build.0 = Debug|Any CPU
		{751D17AC-A13D-4602-8131-BE4EC4E4F5FC}.Release|Any CPU.ActiveCfg = Release|Any CPU
		{751D17AC-A13D-4602-8131-BE4EC4E4F5FC}.Release|Any CPU.Build.0 = Release|Any CPU
		{8EA8BEF2-8AB5-4FB4-A97A-47E3B3AE452B}.Debug|Any CPU.ActiveCfg = Debug|Any CPU
		{8EA8BEF2-8AB5-4FB4-A97A-47E3B3AE452B}.Debug|Any CPU.Build.0 = Debug|Any CPU
		{8EA8BEF2-8AB5-4FB4-A97A-47E3B3AE452B}.Release|Any CPU.ActiveCfg = Release|Any CPU
		{8EA8BEF2-8AB5-4FB4-A97A-47E3B3AE452B}.Release|Any CPU.Build.0 = Release|Any CPU
		{F51D9C37-3C32-405B-8F92-C48A3BE05F0E}.Debug|Any CPU.ActiveCfg = Debug|Any CPU
		{F51D9C37-3C32-405B-8F92-C48A3BE05F0E}.Debug|Any CPU.Build.0 = Debug|Any CPU
		{F51D9C37-3C32-405B-8F92-C48A3BE05F0E}.Release|Any CPU.ActiveCfg = Release|Any CPU
		{F51D9C37-3C32-405B-8F92-C48A3BE05F0E}.Release|Any CPU.Build.0 = Release|Any CPU
		{16BC333C-1B40-482C-91BB-09AFCE63FD2D}.Debug|Any CPU.ActiveCfg = Debug|Any CPU
		{16BC333C-1B40-482C-91BB-09AFCE63FD2D}.Debug|Any CPU.Build.0 = Debug|Any CPU
		{16BC333C-1B40-482C-91BB-09AFCE63FD2D}.Release|Any CPU.ActiveCfg = Release|Any CPU
		{16BC333C-1B40-482C-91BB-09AFCE63FD2D}.Release|Any CPU.Build.0 = Release|Any CPU
		{D411A09D-FA5D-4BD7-ADD0-94089E3CCA39}.Debug|Any CPU.ActiveCfg = Debug|Any CPU
		{D411A09D-FA5D-4BD7-ADD0-94089E3CCA39}.Debug|Any CPU.Build.0 = Debug|Any CPU
		{D411A09D-FA5D-4BD7-ADD0-94089E3CCA39}.Release|Any CPU.ActiveCfg = Release|Any CPU
		{D411A09D-FA5D-4BD7-ADD0-94089E3CCA39}.Release|Any CPU.Build.0 = Release|Any CPU
		{117013FC-7857-4A3B-87DB-5259A65F89F1}.Debug|Any CPU.ActiveCfg = Debug|Any CPU
		{117013FC-7857-4A3B-87DB-5259A65F89F1}.Debug|Any CPU.Build.0 = Debug|Any CPU
		{117013FC-7857-4A3B-87DB-5259A65F89F1}.Release|Any CPU.ActiveCfg = Release|Any CPU
		{117013FC-7857-4A3B-87DB-5259A65F89F1}.Release|Any CPU.Build.0 = Release|Any CPU
		{8D6D5BAB-7EC8-47BD-BCD2-835582C2B503}.Debug|Any CPU.ActiveCfg = Debug|Any CPU
		{8D6D5BAB-7EC8-47BD-BCD2-835582C2B503}.Debug|Any CPU.Build.0 = Debug|Any CPU
		{8D6D5BAB-7EC8-47BD-BCD2-835582C2B503}.Release|Any CPU.ActiveCfg = Release|Any CPU
		{8D6D5BAB-7EC8-47BD-BCD2-835582C2B503}.Release|Any CPU.Build.0 = Release|Any CPU
		{440FC27E-33A5-45B2-B9FF-BD360DB85810}.Debug|Any CPU.ActiveCfg = Debug|Any CPU
		{440FC27E-33A5-45B2-B9FF-BD360DB85810}.Debug|Any CPU.Build.0 = Debug|Any CPU
		{440FC27E-33A5-45B2-B9FF-BD360DB85810}.Release|Any CPU.ActiveCfg = Release|Any CPU
		{440FC27E-33A5-45B2-B9FF-BD360DB85810}.Release|Any CPU.Build.0 = Release|Any CPU
		{64D27B5D-E66A-42D3-AD83-BC3DE9219470}.Debug|Any CPU.ActiveCfg = Debug|Any CPU
		{64D27B5D-E66A-42D3-AD83-BC3DE9219470}.Debug|Any CPU.Build.0 = Debug|Any CPU
		{64D27B5D-E66A-42D3-AD83-BC3DE9219470}.Release|Any CPU.ActiveCfg = Release|Any CPU
		{64D27B5D-E66A-42D3-AD83-BC3DE9219470}.Release|Any CPU.Build.0 = Release|Any CPU
		{38C980C0-4F2E-4144-BC03-8610F89A87DF}.Debug|Any CPU.ActiveCfg = Debug|Any CPU
		{38C980C0-4F2E-4144-BC03-8610F89A87DF}.Debug|Any CPU.Build.0 = Debug|Any CPU
		{38C980C0-4F2E-4144-BC03-8610F89A87DF}.Release|Any CPU.ActiveCfg = Release|Any CPU
		{38C980C0-4F2E-4144-BC03-8610F89A87DF}.Release|Any CPU.Build.0 = Release|Any CPU
		{B4E8C3BD-A416-4983-A6BF-5FF8832E4628}.Debug|Any CPU.ActiveCfg = Debug|Any CPU
		{B4E8C3BD-A416-4983-A6BF-5FF8832E4628}.Debug|Any CPU.Build.0 = Debug|Any CPU
		{B4E8C3BD-A416-4983-A6BF-5FF8832E4628}.Release|Any CPU.ActiveCfg = Release|Any CPU
		{B4E8C3BD-A416-4983-A6BF-5FF8832E4628}.Release|Any CPU.Build.0 = Release|Any CPU
		{31AC6735-AE5B-4E70-9664-12AD309B50BA}.Debug|Any CPU.ActiveCfg = Debug|Any CPU
		{31AC6735-AE5B-4E70-9664-12AD309B50BA}.Debug|Any CPU.Build.0 = Debug|Any CPU
		{31AC6735-AE5B-4E70-9664-12AD309B50BA}.Release|Any CPU.ActiveCfg = Release|Any CPU
		{31AC6735-AE5B-4E70-9664-12AD309B50BA}.Release|Any CPU.Build.0 = Release|Any CPU
		{E5429098-4F42-4CC3-9D24-41B277E9BC61}.Debug|Any CPU.ActiveCfg = Debug|Any CPU
		{E5429098-4F42-4CC3-9D24-41B277E9BC61}.Debug|Any CPU.Build.0 = Debug|Any CPU
		{E5429098-4F42-4CC3-9D24-41B277E9BC61}.Release|Any CPU.ActiveCfg = Release|Any CPU
		{E5429098-4F42-4CC3-9D24-41B277E9BC61}.Release|Any CPU.Build.0 = Release|Any CPU
		{B18A75C0-285F-49C5-960B-44BAD9641676}.Debug|Any CPU.ActiveCfg = Debug|Any CPU
		{B18A75C0-285F-49C5-960B-44BAD9641676}.Debug|Any CPU.Build.0 = Debug|Any CPU
		{B18A75C0-285F-49C5-960B-44BAD9641676}.Release|Any CPU.ActiveCfg = Release|Any CPU
		{B18A75C0-285F-49C5-960B-44BAD9641676}.Release|Any CPU.Build.0 = Release|Any CPU
	EndGlobalSection
	GlobalSection(SolutionProperties) = preSolution
		HideSolutionNode = FALSE
	EndGlobalSection
	GlobalSection(NestedProjects) = preSolution
		{23D42821-341D-474F-A4D1-7CB8B181B3C9} = {5889EA89-EC6A-4C2D-BFBC-FCA2FBC771A4}
		{89F88FBB-ABF6-41BE-BFC8-BF12C03366CF} = {5889EA89-EC6A-4C2D-BFBC-FCA2FBC771A4}
		{3AE44D49-DD17-44A0-A2AF-FDD5EBA39C3E} = {D0239DE8-51CD-40DB-A69F-A8217D4FDEAC}
		{431690FF-5877-4BCD-B162-2EC7276A3C2D} = {3AE44D49-DD17-44A0-A2AF-FDD5EBA39C3E}
		{59477B93-1B2F-47E2-900B-8028F6EC2D4B} = {3AE44D49-DD17-44A0-A2AF-FDD5EBA39C3E}
		{F8E09D27-02C8-4100-8176-63BCD27FDA13} = {3AE44D49-DD17-44A0-A2AF-FDD5EBA39C3E}
		{85DF6CFE-C162-4D15-AFF0-2036FAF56FF4} = {23D42821-341D-474F-A4D1-7CB8B181B3C9}
		{17B16407-F5A0-44AE-9B64-E598769C018C} = {23D42821-341D-474F-A4D1-7CB8B181B3C9}
		{DDEA73D9-2288-42E2-8E79-669760EDC571} = {89F88FBB-ABF6-41BE-BFC8-BF12C03366CF}
		{032C1963-E993-4201-BCBC-319F9660AA90} = {89F88FBB-ABF6-41BE-BFC8-BF12C03366CF}
		{58DB48CA-240B-419F-9EC0-A3AA08522AC9} = {89F88FBB-ABF6-41BE-BFC8-BF12C03366CF}
		{7AAE09A2-B42C-4712-A6E8-816ECC451659} = {5889EA89-EC6A-4C2D-BFBC-FCA2FBC771A4}
		{2B9A5F83-21C6-4C5F-B00D-0D73945F5EE0} = {7AAE09A2-B42C-4712-A6E8-816ECC451659}
		{4A258A4E-C5BD-4DAF-9BCC-BDE5F6533008} = {7AAE09A2-B42C-4712-A6E8-816ECC451659}
		{E8806EDA-17E5-4BDF-8475-0076A5CF5C07} = {7AAE09A2-B42C-4712-A6E8-816ECC451659}
		{9B5EEB55-B402-4A85-BE5B-793484A90AFF} = {5889EA89-EC6A-4C2D-BFBC-FCA2FBC771A4}
		{751D17AC-A13D-4602-8131-BE4EC4E4F5FC} = {9B5EEB55-B402-4A85-BE5B-793484A90AFF}
		{8EA8BEF2-8AB5-4FB4-A97A-47E3B3AE452B} = {9B5EEB55-B402-4A85-BE5B-793484A90AFF}
		{F51D9C37-3C32-405B-8F92-C48A3BE05F0E} = {9B5EEB55-B402-4A85-BE5B-793484A90AFF}
		{16BC333C-1B40-482C-91BB-09AFCE63FD2D} = {9B5EEB55-B402-4A85-BE5B-793484A90AFF}
		{D411A09D-FA5D-4BD7-ADD0-94089E3CCA39} = {9B5EEB55-B402-4A85-BE5B-793484A90AFF}
		{117013FC-7857-4A3B-87DB-5259A65F89F1} = {9B5EEB55-B402-4A85-BE5B-793484A90AFF}
		{F548B38C-2AE7-49D6-B350-4781069FECEF} = {D0239DE8-51CD-40DB-A69F-A8217D4FDEAC}
		{8D6D5BAB-7EC8-47BD-BCD2-835582C2B503} = {F548B38C-2AE7-49D6-B350-4781069FECEF}
		{440FC27E-33A5-45B2-B9FF-BD360DB85810} = {F548B38C-2AE7-49D6-B350-4781069FECEF}
		{64D27B5D-E66A-42D3-AD83-BC3DE9219470} = {F548B38C-2AE7-49D6-B350-4781069FECEF}
		{5D71B484-D6EA-4D45-B8A7-96E5F75F20D2} = {D0239DE8-51CD-40DB-A69F-A8217D4FDEAC}
		{38C980C0-4F2E-4144-BC03-8610F89A87DF} = {5D71B484-D6EA-4D45-B8A7-96E5F75F20D2}
		{B4E8C3BD-A416-4983-A6BF-5FF8832E4628} = {5D71B484-D6EA-4D45-B8A7-96E5F75F20D2}
		{3AB0052B-F7A8-4BB1-9622-ECEF4643E39D} = {5889EA89-EC6A-4C2D-BFBC-FCA2FBC771A4}
		{31AC6735-AE5B-4E70-9664-12AD309B50BA} = {3AB0052B-F7A8-4BB1-9622-ECEF4643E39D}
		{E5429098-4F42-4CC3-9D24-41B277E9BC61} = {3AB0052B-F7A8-4BB1-9622-ECEF4643E39D}
		{B18A75C0-285F-49C5-960B-44BAD9641676} = {3AB0052B-F7A8-4BB1-9622-ECEF4643E39D}
	EndGlobalSection
	GlobalSection(ExtensibilityGlobals) = postSolution
		SolutionGuid = {42778F41-63F5-4C12-8162-D381AAAA12EA}
	EndGlobalSection
EndGlobal
