
Microsoft Visual Studio Solution File, Format Version 12.00
# Visual Studio Version 17
VisualStudioVersion = 17.4.33213.308
MinimumVisualStudioVersion = 10.0.40219.1
Project("{2150E333-8FDC-42A3-9474-1A3956D46DE8}") = "C++++_Og_Net", "C++++_Og_Net", "{5889EA89-EC6A-4C2D-BFBC-FCA2FBC771A4}"
EndProject
Project("{2150E333-8FDC-42A3-9474-1A3956D46DE8}") = "SystemIntegration", "SystemIntegration", "{D0239DE8-51CD-40DB-A69F-A8217D4FDEAC}"
EndProject
Project("{2150E333-8FDC-42A3-9474-1A3956D46DE8}") = "Dag 1 Introduktion og grundlæggende C++++", "Dag 1 Introduktion og grundlæggende C++++", "{23D42821-341D-474F-A4D1-7CB8B181B3C9}"
EndProject
Project("{2150E333-8FDC-42A3-9474-1A3956D46DE8}") = "Dag 2 Sprogkonstruktioner", "Dag 2 Sprogkonstruktioner", "{89F88FBB-ABF6-41BE-BFC8-BF12C03366CF}"
EndProject
Project("{2150E333-8FDC-42A3-9474-1A3956D46DE8}") = "Dag 2 Messaging Systems and Channels", "Dag 2 Messaging Systems and Channels", "{3AE44D49-DD17-44A0-A2AF-FDD5EBA39C3E}"
EndProject
Project("{FAE04EC0-301F-11D3-BF4B-00C04F79EFBC}") = "Dag2_Opgave4_Lufthavnsinformation", "Dag2_Opgave4_Lufthavnsinformation\Dag2_Opgave4_Lufthavnsinformation.csproj", "{431690FF-5877-4BCD-B162-2EC7276A3C2D}"
EndProject
Project("{FAE04EC0-301F-11D3-BF4B-00C04F79EFBC}") = "Dag2_Opgave5_Messages_Router", "Dag2_Opgave5_Messages_Router\Dag2_Opgave5_Messages_Router.csproj", "{59477B93-1B2F-47E2-900B-8028F6EC2D4B}"
EndProject
Project("{FAE04EC0-301F-11D3-BF4B-00C04F79EFBC}") = "Dag2_Opgave3_MessagdeQuering", "Dag2_Opgave3_MessagdeQuering\Dag2_Opgave3_MessagdeQuering.csproj", "{F8E09D27-02C8-4100-8176-63BCD27FDA13}"
EndProject
Project("{9A19103F-16F7-4668-BE54-9A1E7A4F7556}") = "Dag1_Klasser", "Dag1_Klasser\Dag1_Klasser.csproj", "{85DF6CFE-C162-4D15-AFF0-2036FAF56FF4}"
EndProject
Project("{9A19103F-16F7-4668-BE54-9A1E7A4F7556}") = "Dag1_MyLibary", "Dag1_MyLibary\Dag1_MyLibary.csproj", "{17B16407-F5A0-44AE-9B64-E598769C018C}"
EndProject
Project("{9A19103F-16F7-4668-BE54-9A1E7A4F7556}") = "Dag2_Opgave3_Udskrive_Fiboraci_Talrækkefølge", "Dag2_Opgave3_Udskrive_Fiboraci_Talrækkefølge\Dag2_Opgave3_Udskrive_Fiboraci_Talrækkefølge.csproj", "{DDEA73D9-2288-42E2-8E79-669760EDC571}"
EndProject
Project("{9A19103F-16F7-4668-BE54-9A1E7A4F7556}") = "Dag2_Opgave4_DateTime_Output_Parameter", "Dag2_Opgave4_DateTime_Output_Parameter\Dag2_Opgave4_DateTime_Output_Parameter.csproj", "{032C1963-E993-4201-BCBC-319F9660AA90}"
EndProject
Project("{2150E333-8FDC-42A3-9474-1A3956D46DE8}") = "Dag3_Objektorientering", "Dag3_Objektorientering", "{7AAE09A2-B42C-4712-A6E8-816ECC451659}"
EndProject
Project("{9A19103F-16F7-4668-BE54-9A1E7A4F7556}") = "Dag3_Opgave3.0", "Dag3_Opgave3.0\Dag3_Opgave3.0.csproj", "{2B9A5F83-21C6-4C5F-B00D-0D73945F5EE0}"
EndProject
Project("{9A19103F-16F7-4668-BE54-9A1E7A4F7556}") = "Dag3_Opgave3.2_Medarbejder_Mekaniker_Værkføre_synsmand", "Dag3_Opgave3.2_Medarbejder_Mekaniker_Værkføre_synsmand\Dag3_Opgave3.2_Medarbejder_Mekaniker_Værkføre_synsmand.csproj", "{4A258A4E-C5BD-4DAF-9BCC-BDE5F6533008}"
EndProject
Project("{9A19103F-16F7-4668-BE54-9A1E7A4F7556}") = "Dag3_Opgave3.8_Struct", "Dag3_Opgave3.8_Struct\Dag3_Opgave3.8_Struct.csproj", "{E8806EDA-17E5-4BDF-8475-0076A5CF5C07}"
EndProject
Project("{2150E333-8FDC-42A3-9474-1A3956D46DE8}") = "Dag4_Delegates", "Dag4_Delegates", "{9B5EEB55-B402-4A85-BE5B-793484A90AFF}"
EndProject
Project("{9A19103F-16F7-4668-BE54-9A1E7A4F7556}") = "Dag4_Opgave_4.1_Extention_Metode_Lang()", "Dag4_Opgave_4.1_Extention_Metode_Lang()\Dag4_Opgave_4.1_Extention_Metode_Lang().csproj", "{751D17AC-A13D-4602-8131-BE4EC4E4F5FC}"
EndProject
Project("{9A19103F-16F7-4668-BE54-9A1E7A4F7556}") = "Dag4_Opgave4.2A_Delegate_eventsOgListeners", "Dag4_Opgave4.2_Delegate_eventsOgListeners\Dag4_Opgave4.2A_Delegate_eventsOgListeners.csproj", "{8EA8BEF2-8AB5-4FB4-A97A-47E3B3AE452B}"
EndProject
Project("{9A19103F-16F7-4668-BE54-9A1E7A4F7556}") = "Dag4_Opgave4.2B_Delegate_eventsOgListeners", "Dag4_Opgave4.2B_Delegate_eventsOgListeners\Dag4_Opgave4.2B_Delegate_eventsOgListeners.csproj", "{16BC333C-1B40-482C-91BB-09AFCE63FD2D}"
EndProject
Project("{9A19103F-16F7-4668-BE54-9A1E7A4F7556}") = "Dag4_Opgave3_Løkke_og_Rekusion_Factorial", "Dag4_Opgave3_Løkke_og_Rekusion_Factorial\Dag4_Opgave3_Løkke_og_Rekusion_Factorial.csproj", "{D411A09D-FA5D-4BD7-ADD0-94089E3CCA39}"
EndProject
Project("{9A19103F-16F7-4668-BE54-9A1E7A4F7556}") = "Dag4_Opgave4.5_spillekort_Enum", "Dag4_Opgave4.5_spillekort_Enum\Dag4_Opgave4.5_spillekort_Enum.csproj", "{117013FC-7857-4A3B-87DB-5259A65F89F1}"
EndProject
Project("{2150E333-8FDC-42A3-9474-1A3956D46DE8}") = "Dag4 - Messaging Channels", "Dag4 - Messaging Channels", "{F548B38C-2AE7-49D6-B350-4781069FECEF}"
EndProject
Project("{FAE04EC0-301F-11D3-BF4B-00C04F79EFBC}") = "Dag4_Opgave1_Point_To_Point_Channel", "Dag4_Opgave1_Point_To_Point_Channel\Dag4_Opgave1_Point_To_Point_Channel.csproj", "{8D6D5BAB-7EC8-47BD-BCD2-835582C2B503}"
EndProject
Project("{FAE04EC0-301F-11D3-BF4B-00C04F79EFBC}") = "Dag4_Opgave3_Subscriber_Channel", "Dag4_Opgave3_Subscriber_Channel\Dag4_Opgave3_Subscriber_Channel.csproj", "{440FC27E-33A5-45B2-B9FF-BD360DB85810}"
EndProject
Project("{FAE04EC0-301F-11D3-BF4B-00C04F79EFBC}") = "Dag4_Opgave4_Opg3_Med_Message_Filtering_Pattern", "Dag4_Opgave4_Opg3_Med_Message_Filtering_Pattern\Dag4_Opgave4_Opg3_Med_Message_Filtering_Pattern.csproj", "{64D27B5D-E66A-42D3-AD83-BC3DE9219470}"
EndProject
Project("{2150E333-8FDC-42A3-9474-1A3956D46DE8}") = "Dag5 - Message Construction", "Dag5 - Message Construction", "{5D71B484-D6EA-4D45-B8A7-96E5F75F20D2}"
EndProject
Project("{FAE04EC0-301F-11D3-BF4B-00C04F79EFBC}") = "Dag5_Opgave1_Request_reciver", "Dag5_Opgave1_Request_reciver\Dag5_Opgave1_Request_reciver.csproj", "{38C980C0-4F2E-4144-BC03-8610F89A87DF}"
EndProject
Project("{FAE04EC0-301F-11D3-BF4B-00C04F79EFBC}") = "Dag5_Opgave1_Tilføj_MapListe_Til_AIC_Og_Flyinformation_Klasse", "Dag5_Opgave_Tilføj_MapListe_Til_AIC_Og_Flyinformation_Klasse\Dag5_Opgave1_Tilføj_MapListe_Til_AIC_Og_Flyinformation_Klasse.csproj", "{B4E8C3BD-A416-4983-A6BF-5FF8832E4628}"
EndProject
Project("{2150E333-8FDC-42A3-9474-1A3956D46DE8}") = "Dag5_LinQ", "Dag5_LinQ", "{3AB0052B-F7A8-4BB1-9622-ECEF4643E39D}"
EndProject
Project("{9A19103F-16F7-4668-BE54-9A1E7A4F7556}") = "Dag5_Opgave1_Predicate_ActionDeligate", "Dag5_Opgave1_Predicate_ActionDeligate\Dag5_Opgave1_Predicate_ActionDeligate.csproj", "{31AC6735-AE5B-4E70-9664-12AD309B50BA}"
EndProject
Project("{9A19103F-16F7-4668-BE54-9A1E7A4F7556}") = "Dag5_Opgave2_LinkQ", "Dag5_Opgave2_LinkQ\Dag5_Opgave2_LinkQ.csproj", "{E5429098-4F42-4CC3-9D24-41B277E9BC61}"
EndProject
Project("{9A19103F-16F7-4668-BE54-9A1E7A4F7556}") = "Dag5_Opgave3_Datahåndtering_MedOgUden_LinkQ", "Dag5_Opgave3_Datahåndtering_MedOgUden_LinkQ\Dag5_Opgave3_Datahåndtering_MedOgUden_LinkQ.csproj", "{B18A75C0-285F-49C5-960B-44BAD9641676}"
EndProject
Project("{FAE04EC0-301F-11D3-BF4B-00C04F79EFBC}") = "Dag5_Opgave4_Oprettelse_af_ReplyKø_Ved_Request", "Dag5_Opgave4_Oprettelse_af_ReplyKø_Ved_Request\Dag5_Opgave4_Oprettelse_af_ReplyKø_Ved_Request.csproj", "{AE2D9C66-3897-4C83-AD06-8E323341B438}"
EndProject
Project("{2150E333-8FDC-42A3-9474-1A3956D46DE8}") = "Dag7 - Messaging Channels og Construction", "Dag7 - Messaging Channels og Construction", "{A07F1B54-5C77-48D0-B688-A91929693E56}"
EndProject
Project("{FAE04EC0-301F-11D3-BF4B-00C04F79EFBC}") = "Dag7_Opgave1_Set_Time_To_Be_Recived", "Dag7_Opgave1_Set_Time_To_Be_Recived\Dag7_Opgave1_Set_Time_To_Be_Recived.csproj", "{B3BAD4BD-EA5C-42B7-B814-FDD1BD56CD1A}"
EndProject
Project("{FAE04EC0-301F-11D3-BF4B-00C04F79EFBC}") = "Dag7_Opgave3_udskrivTil_ExelArk", "Dag7_Opgave3_udskrivTil_ExelArk\Dag7_Opgave3_udskrivTil_ExelArk.csproj", "{1AC786EB-6D6E-447A-ACA5-C6A045C360FF}"
EndProject
Project("{2150E333-8FDC-42A3-9474-1A3956D46DE8}") = "Dag6_WPF", "Dag6_WPF", "{D3384ED5-EBA0-49CE-90D0-A4E1F65A9B32}"
EndProject
Project("{9A19103F-16F7-4668-BE54-9A1E7A4F7556}") = "Dag6_Start_Opgave1", "Dag6_Start_Opgave1\Dag6_Start_Opgave1.csproj", "{89EEE3A1-F126-4FA0-81B7-896B6CE640B1}"
EndProject
Project("{9A19103F-16F7-4668-BE54-9A1E7A4F7556}") = "Dag6_Grid_Opgave2", "Dag6_Grid_Opgave2\Dag6_Grid_Opgave2.csproj", "{B7099B88-08DC-44A7-93BD-28F672694C42}"
EndProject
Project("{9A19103F-16F7-4668-BE54-9A1E7A4F7556}") = "Dag6_Opgave6_Dockpanel", "Dag6_Opgave6_Dockpanel\Dag6_Opgave6_Dockpanel.csproj", "{6391F0E1-F18D-4981-93E3-4417FD78E580}"
EndProject
Project("{9A19103F-16F7-4668-BE54-9A1E7A4F7556}") = "Dag6_Opgave7_Grid_Statusbar_Menubar", "Dag6_Opgave7_Grid_Statusbar_Menubar\Dag6_Opgave7_Grid_Statusbar_Menubar.csproj", "{309C60C3-EF2B-46F5-A57E-AB7774F0CB60}"
EndProject
Project("{9A19103F-16F7-4668-BE54-9A1E7A4F7556}") = "Dag6_Opgave8_C_R_Buttons_StackPanelv", "Dag6_Opgave8_C_R_Buttons_StackPanelv\Dag6_Opgave8_C_R_Buttons_StackPanelv.csproj", "{ED254FBA-3825-47DE-B34B-89A45EDD7FC0}"
EndProject
Project("{2150E333-8FDC-42A3-9474-1A3956D46DE8}") = "Dag7_WPF 2 databinding", "Dag7_WPF 2 databinding", "{7DFDFD59-A126-4199-8B27-B52C6AAFBF3C}"
EndProject
Project("{9A19103F-16F7-4668-BE54-9A1E7A4F7556}") = "Dag7_Opgave1_Vis_Proberties_Fra_Klasse", "Dag7_Opgave1_Vis_Proberties_Fra_Klasse\Dag7_Opgave1_Vis_Proberties_Fra_Klasse.csproj", "{EF77F464-A9A9-41D4-8ABE-471D1E1C651B}"
EndProject
Project("{9A19103F-16F7-4668-BE54-9A1E7A4F7556}") = "Dag7_Opgave4_ObservableCollection", "Dag7_Opgave4_ObservableCollection\Dag7_Opgave4_ObservableCollection.csproj", "{48D0EB3C-34B5-4E4C-BDAC-1E74698F028A}"
EndProject
Project("{9A19103F-16F7-4668-BE54-9A1E7A4F7556}") = "Dag7_Opgave5_NewWindow_MenuWindow", "Dag7_Opgave5_NewWindow_MenuWindow\Dag7_Opgave5_NewWindow_MenuWindow.csproj", "{99E7AAC2-87E6-4717-95F1-8C5BF8940F36}"
EndProject
Project("{2150E333-8FDC-42A3-9474-1A3956D46DE8}") = "Dag8 - Message Routing", "Dag8 - Message Routing", "{6025950D-2423-4C9E-9B56-86B9460125F3}"
EndProject
Project("{FAE04EC0-301F-11D3-BF4B-00C04F79EFBC}") = "Dag8_Opgave1_xml_Splitter", "Dag8_Opgave1_xml_Splitter\Dag8_Opgave1_xml_Splitter.csproj", "{189BB797-F867-4149-826F-6358F84CA202}"
EndProject
Project("{FAE04EC0-301F-11D3-BF4B-00C04F79EFBC}") = "BluffCityInformationCenter", "BluffCityInformationCenter\MYFirstMSMQ\BluffCityInformationCenter.csproj", "{49A4C497-218C-46DB-BD33-C3F0936444D7}"
EndProject
Project("{FAE04EC0-301F-11D3-BF4B-00C04F79EFBC}") = "BluffCityICXPath", "BluffCityICXPath\MYFirstMSMQ\BluffCityICXPath.csproj", "{8B5A8D25-92B2-4F9A-9C9D-503D034ECBAF}"
EndProject
Project("{FAE04EC0-301F-11D3-BF4B-00C04F79EFBC}") = "BluffCityCheckInOutput", "BluffCityCheckInOutput\MYFirstMSMQ\BluffCityCheckInOutput.csproj", "{1B9F3E25-8371-4768-96B2-1FAB088B2235}"
EndProject
Project("{2150E333-8FDC-42A3-9474-1A3956D46DE8}") = "Dag8_Entity framework", "Dag8_Entity framework", "{9D8A8BC4-EF83-4487-9310-3D0C42AFAE7A}"
EndProject
Project("{9A19103F-16F7-4668-BE54-9A1E7A4F7556}") = "Dag8_Opgave1_MinFørste_EF_App", "Dag8_Opgave1_MinFørste_EF_App\Dag8_Opgave1_MinFørste_EF_App.csproj", "{7DB3AB74-C3CC-4118-908D-FB2AAF09A752}"
EndProject
Project("{9A19103F-16F7-4668-BE54-9A1E7A4F7556}") = "BilerOgEjere", "MyFirstEFApp\BilerOgEjere\BilerOgEjere.csproj", "{C10BA426-74D9-4A68-83A1-FCD98D46E46B}"
EndProject
Project("{FAE04EC0-301F-11D3-BF4B-00C04F79EFBC}") = "PetHotelWPF", "PetHotelWPF\PetHotelWPF\PetHotelWPF\PetHotelWPF.csproj", "{4596F41D-41D0-4F48-A209-C192C05A8891}"
EndProject
Project("{2150E333-8FDC-42A3-9474-1A3956D46DE8}") = "Dag9_Tre lags arkitektur", "Dag9_Tre lags arkitektur", "{BE2D7487-9908-4574-8990-88CAB8117F91}"
EndProject
Project("{9A19103F-16F7-4668-BE54-9A1E7A4F7556}") = "Dag9_BusinessLogicCore", "Dag9_BusinessLogicCore\Dag9_BusinessLogicCore.csproj", "{E637286F-1816-4AC7-85CE-D68FCC92C140}"
EndProject
Project("{9A19103F-16F7-4668-BE54-9A1E7A4F7556}") = "Dag9_DataAccessCore", "Dag9_DataAccessCore\Dag9_DataAccessCore.csproj", "{69FBA7EE-0B5D-43C6-BD62-4921447AAFA0}"
EndProject
Project("{9A19103F-16F7-4668-BE54-9A1E7A4F7556}") = "Dag9_DTOCore", "Dag9_DTOCore\Dag9_DTOCore.csproj", "{FEA88280-388C-47A2-8569-03BFBB25868F}"
EndProject
Project("{9A19103F-16F7-4668-BE54-9A1E7A4F7556}") = "Dag9_GuiCore", "Dag9_GuiCore\Dag9_GuiCore.csproj", "{386AD6BE-C81B-4188-9B8A-A3EE2D90696B}"
EndProject
Project("{FAE04EC0-301F-11D3-BF4B-00C04F79EFBC}") = "Dag8_Opgave2_Aggregaterr", "Dag8_Opgave2_Aggregaterr\Dag8_Opgave2_Aggregaterr.csproj", "{56D4BF03-98C9-48CD-BD4D-E9C2EA3A4FDC}"
EndProject
Project("{2150E333-8FDC-42A3-9474-1A3956D46DE8}") = "Dag11 - Messaging Transformation", "Dag11 - Messaging Transformation", "{80AB0EE6-7544-4335-999B-E9E95A9DE688}"
EndProject
Project("{FAE04EC0-301F-11D3-BF4B-00C04F79EFBC}") = "Dag11_Opgave2-3_Transforming", "Dag11_Opgave2-3_Transforming\Dag11_Opgave2-3_Transforming.csproj", "{D9C17170-37B7-4998-80C2-21C5AC369199}"
EndProject
Project("{FAE04EC0-301F-11D3-BF4B-00C04F79EFBC}") = "Dag11_Opgave4_enricher", "Dag11_Opgave4_AdToPattern\Dag11_Opgave4_enricher.csproj", "{1775C405-F631-4B70-8891-247C79A89B8F}"
EndProject
Project("{2150E333-8FDC-42A3-9474-1A3956D46DE8}") = "Dag13 - Message Routing", "Dag13 - Message Routing", "{16E8CD12-4AE8-4871-B3C3-FFA646320C4F}"
EndProject
Project("{FAE04EC0-301F-11D3-BF4B-00C04F79EFBC}") = "Dag13_Opgave1_Recipient_Router", "Dag13_Opgave1_Recipient_Router\Dag13_Opgave1_Recipient_Router.csproj", "{54C31589-830B-4E60-A6FE-24818A44AFBD}"
EndProject
Project("{2150E333-8FDC-42A3-9474-1A3956D46DE8}") = "Dag11_MVC", "Dag11_MVC", "{8D5654FF-4655-4804-BFDF-918EE4DC86E5}"
EndProject
Project("{9A19103F-16F7-4668-BE54-9A1E7A4F7556}") = "Dag11_Opgave1_ASP_Start", "Dag11_Opgave1_ASP_Start\Dag11_Opgave1_ASP_Start.csproj", "{93139758-7316-4DB6-B3F3-779E80019555}"
EndProject
Project("{9A19103F-16F7-4668-BE54-9A1E7A4F7556}") = "Dag9_Dag11_WebApplication", "Dag9_Dag11_WebApplication\Dag9_Dag11_WebApplication.csproj", "{3F7FCBEB-74AE-44A9-BB2F-5E428AE36336}"
EndProject
Project("{2150E333-8FDC-42A3-9474-1A3956D46DE8}") = "Dag12_eksamensPrøve", "Dag12_eksamensPrøve", "{5918031B-6E6E-4EF9-9066-8DDBC1207122}"
EndProject
Project("{9A19103F-16F7-4668-BE54-9A1E7A4F7556}") = "Dag12_EksamensØvelse", "Dag12_EksamensØvelse\Dag12_EksamensØvelse.csproj", "{6AF0FF5E-FF24-44F8-B4C8-558646D9C28E}"
EndProject
Project("{2150E333-8FDC-42A3-9474-1A3956D46DE8}") = "Dag13_MVC_fortsat-bemærk eftermiddag", "Dag13_MVC_fortsat-bemærk eftermiddag", "{FEC3791A-6425-4BFE-B8AD-20721EBA06D4}"
EndProject
Project("{9A19103F-16F7-4668-BE54-9A1E7A4F7556}") = "StartUp_CORE", "StartUp_CORE\StartUp_CORE.csproj", "{215A081B-8559-4F36-8E11-D27053DE0750}"
EndProject
Project("{2150E333-8FDC-42A3-9474-1A3956D46DE8}") = "Dag15 - Messaging Endpoints", "Dag15 - Messaging Endpoints", "{2EA3458A-7923-4D53-9F29-7242A46BBE3C}"
EndProject
Project("{FAE04EC0-301F-11D3-BF4B-00C04F79EFBC}") = "RequestReply", "BluffCityRequestReply\BluffCityRequestReply\RequestReply\RequestReply.csproj", "{B7BAE008-63B3-49F5-AD83-FF4F59140181}"
EndProject
Project("{FAE04EC0-301F-11D3-BF4B-00C04F79EFBC}") = "MSMQTransaction1", "MSMQTransaction1\MSMQTransaction1\MSMQTransaction1\MSMQTransaction1.csproj", "{864A9323-A1A7-470E-9ED4-F5EB0CF7F931}"
EndProject
Project("{FAE04EC0-301F-11D3-BF4B-00C04F79EFBC}") = "BluffCityReceiver", "BluffCityReceiver\BluffCityReceiver\MYFirstMSMQ\BluffCityReceiver.csproj", "{4A429356-6D7D-46A6-B71A-F04EFEED8FC2}"
EndProject
Project("{FAE04EC0-301F-11D3-BF4B-00C04F79EFBC}") = "BluffCityPollingReceiver", "BluffCityPollingReceiver\BluffCityPollingReceiver\MYFirstMSMQ\BluffCityPollingReceiver.csproj", "{E0E91F6E-C7A3-45C5-84F9-5F33EB6F9F0A}"
EndProject
Project("{2150E333-8FDC-42A3-9474-1A3956D46DE8}") = "Opgave1_Splitter_Med_Transactional Client", "Opgave1_Splitter_Med_Transactional Client", "{A3EDC615-CD43-408E-BC22-08ED18639B41}"
EndProject
Project("{FAE04EC0-301F-11D3-BF4B-00C04F79EFBC}") = "dag15_Opgave1_Splitter_Med_TransactionalClient", "dag15_Opgave1_Splitter_Med_Transactional Client\dag15_Opgave1_Splitter_Med_TransactionalClient.csproj", "{A36AB587-985B-4344-A831-AAEB7918C713}"
EndProject
Project("{2150E333-8FDC-42A3-9474-1A3956D46DE8}") = "Opgave2_eventDriven_Consumer", "Opgave2_eventDriven_Consumer", "{6338D3B4-A983-490C-8FFC-80E570C83907}"
EndProject
Project("{FAE04EC0-301F-11D3-BF4B-00C04F79EFBC}") = "Dag15_EventDrivenConsumer", "Dag15_EventDrivenConsumer\Dag15_EventDrivenConsumer.csproj", "{B41EC95E-51A0-45A5-ABC8-6891DDEEB48C}"
EndProject
Project("{FAE04EC0-301F-11D3-BF4B-00C04F79EFBC}") = "Dag15_EventDrivenConsumer2", "Dag15_EventDrivenConsumer2\Dag15_EventDrivenConsumer2.csproj", "{5DAE5FF0-3183-43E8-8E9F-5DFDAB69D0BD}"
EndProject
Project("{2150E333-8FDC-42A3-9474-1A3956D46DE8}") = "Dag14_HTML helpers", "Dag14_HTML helpers", "{39C7BC22-3BE8-452C-BE47-CDB42B3C1CC8}"
EndProject
Project("{FAE04EC0-301F-11D3-BF4B-00C04F79EFBC}") = "CheckboxHelpers", "CheckboxHelpers\CheckboxHelpers\CheckboxHelpers.csproj", "{6EE1D4C7-77AC-47D9-B563-3F848D5F018E}"
EndProject
Project("{FAE04EC0-301F-11D3-BF4B-00C04F79EFBC}") = "Html generation", "Html generation\Html generation\Html generation.csproj", "{AE36D206-E5A6-41F2-A4A5-126E8BF49EC8}"
EndProject
Project("{9A19103F-16F7-4668-BE54-9A1E7A4F7556}") = "Html generation CORE", "Html generation\Html generation CORE\Html generation CORE.csproj", "{03A76288-DE7A-4991-9490-D4FA81F68F1C}"
EndProject
Project("{9A19103F-16F7-4668-BE54-9A1E7A4F7556}") = "Dag14_Opgave1_Countrys", "Dag14_Opgave1_Countrys\Dag14_Opgave1_Countrys.csproj", "{FE208CD8-6EA3-479D-B878-8A2D8C3AEF8F}"
EndProject
Project("{2150E333-8FDC-42A3-9474-1A3956D46DE8}") = "Dag16 - SOA og Web Services", "Dag16 - SOA og Web Services", "{553CDBB1-3404-41FD-AF0D-F5B0F4D3B856}"
EndProject
Project("{FAE04EC0-301F-11D3-BF4B-00C04F79EFBC}") = "Dag16_Openweather", "Dag16_Openweather\Dag16_Openweather.csproj", "{83C8C7A5-1939-488D-9163-25743A968A50}"
EndProject
Project("{FAE04EC0-301F-11D3-BF4B-00C04F79EFBC}") = "Dag16_PatternLibary", "Dag16_PatternLibary\Dag16_PatternLibary.csproj", "{54DC5207-F36A-43E0-94DC-2034E7799E0D}"
EndProject
Global
	GlobalSection(SolutionConfigurationPlatforms) = preSolution
		Debug|Any CPU = Debug|Any CPU
		Debug|x86 = Debug|x86
		Release|Any CPU = Release|Any CPU
		Release|x86 = Release|x86
	EndGlobalSection
	GlobalSection(ProjectConfigurationPlatforms) = postSolution
		{431690FF-5877-4BCD-B162-2EC7276A3C2D}.Debug|Any CPU.ActiveCfg = Debug|Any CPU
		{431690FF-5877-4BCD-B162-2EC7276A3C2D}.Debug|Any CPU.Build.0 = Debug|Any CPU
		{431690FF-5877-4BCD-B162-2EC7276A3C2D}.Debug|x86.ActiveCfg = Debug|Any CPU
		{431690FF-5877-4BCD-B162-2EC7276A3C2D}.Debug|x86.Build.0 = Debug|Any CPU
		{431690FF-5877-4BCD-B162-2EC7276A3C2D}.Release|Any CPU.ActiveCfg = Release|Any CPU
		{431690FF-5877-4BCD-B162-2EC7276A3C2D}.Release|Any CPU.Build.0 = Release|Any CPU
		{431690FF-5877-4BCD-B162-2EC7276A3C2D}.Release|x86.ActiveCfg = Release|Any CPU
		{431690FF-5877-4BCD-B162-2EC7276A3C2D}.Release|x86.Build.0 = Release|Any CPU
		{59477B93-1B2F-47E2-900B-8028F6EC2D4B}.Debug|Any CPU.ActiveCfg = Debug|Any CPU
		{59477B93-1B2F-47E2-900B-8028F6EC2D4B}.Debug|Any CPU.Build.0 = Debug|Any CPU
		{59477B93-1B2F-47E2-900B-8028F6EC2D4B}.Debug|x86.ActiveCfg = Debug|Any CPU
		{59477B93-1B2F-47E2-900B-8028F6EC2D4B}.Debug|x86.Build.0 = Debug|Any CPU
		{59477B93-1B2F-47E2-900B-8028F6EC2D4B}.Release|Any CPU.ActiveCfg = Release|Any CPU
		{59477B93-1B2F-47E2-900B-8028F6EC2D4B}.Release|Any CPU.Build.0 = Release|Any CPU
		{59477B93-1B2F-47E2-900B-8028F6EC2D4B}.Release|x86.ActiveCfg = Release|Any CPU
		{59477B93-1B2F-47E2-900B-8028F6EC2D4B}.Release|x86.Build.0 = Release|Any CPU
		{F8E09D27-02C8-4100-8176-63BCD27FDA13}.Debug|Any CPU.ActiveCfg = Debug|Any CPU
		{F8E09D27-02C8-4100-8176-63BCD27FDA13}.Debug|Any CPU.Build.0 = Debug|Any CPU
		{F8E09D27-02C8-4100-8176-63BCD27FDA13}.Debug|x86.ActiveCfg = Debug|Any CPU
		{F8E09D27-02C8-4100-8176-63BCD27FDA13}.Debug|x86.Build.0 = Debug|Any CPU
		{F8E09D27-02C8-4100-8176-63BCD27FDA13}.Release|Any CPU.ActiveCfg = Release|Any CPU
		{F8E09D27-02C8-4100-8176-63BCD27FDA13}.Release|Any CPU.Build.0 = Release|Any CPU
		{F8E09D27-02C8-4100-8176-63BCD27FDA13}.Release|x86.ActiveCfg = Release|Any CPU
		{F8E09D27-02C8-4100-8176-63BCD27FDA13}.Release|x86.Build.0 = Release|Any CPU
		{85DF6CFE-C162-4D15-AFF0-2036FAF56FF4}.Debug|Any CPU.ActiveCfg = Debug|Any CPU
		{85DF6CFE-C162-4D15-AFF0-2036FAF56FF4}.Debug|Any CPU.Build.0 = Debug|Any CPU
		{85DF6CFE-C162-4D15-AFF0-2036FAF56FF4}.Debug|x86.ActiveCfg = Debug|Any CPU
		{85DF6CFE-C162-4D15-AFF0-2036FAF56FF4}.Debug|x86.Build.0 = Debug|Any CPU
		{85DF6CFE-C162-4D15-AFF0-2036FAF56FF4}.Release|Any CPU.ActiveCfg = Release|Any CPU
		{85DF6CFE-C162-4D15-AFF0-2036FAF56FF4}.Release|Any CPU.Build.0 = Release|Any CPU
		{85DF6CFE-C162-4D15-AFF0-2036FAF56FF4}.Release|x86.ActiveCfg = Release|Any CPU
		{85DF6CFE-C162-4D15-AFF0-2036FAF56FF4}.Release|x86.Build.0 = Release|Any CPU
		{17B16407-F5A0-44AE-9B64-E598769C018C}.Debug|Any CPU.ActiveCfg = Debug|Any CPU
		{17B16407-F5A0-44AE-9B64-E598769C018C}.Debug|Any CPU.Build.0 = Debug|Any CPU
		{17B16407-F5A0-44AE-9B64-E598769C018C}.Debug|x86.ActiveCfg = Debug|Any CPU
		{17B16407-F5A0-44AE-9B64-E598769C018C}.Debug|x86.Build.0 = Debug|Any CPU
		{17B16407-F5A0-44AE-9B64-E598769C018C}.Release|Any CPU.ActiveCfg = Release|Any CPU
		{17B16407-F5A0-44AE-9B64-E598769C018C}.Release|Any CPU.Build.0 = Release|Any CPU
		{17B16407-F5A0-44AE-9B64-E598769C018C}.Release|x86.ActiveCfg = Release|Any CPU
		{17B16407-F5A0-44AE-9B64-E598769C018C}.Release|x86.Build.0 = Release|Any CPU
		{DDEA73D9-2288-42E2-8E79-669760EDC571}.Debug|Any CPU.ActiveCfg = Debug|Any CPU
		{DDEA73D9-2288-42E2-8E79-669760EDC571}.Debug|Any CPU.Build.0 = Debug|Any CPU
		{DDEA73D9-2288-42E2-8E79-669760EDC571}.Debug|x86.ActiveCfg = Debug|Any CPU
		{DDEA73D9-2288-42E2-8E79-669760EDC571}.Debug|x86.Build.0 = Debug|Any CPU
		{DDEA73D9-2288-42E2-8E79-669760EDC571}.Release|Any CPU.ActiveCfg = Release|Any CPU
		{DDEA73D9-2288-42E2-8E79-669760EDC571}.Release|Any CPU.Build.0 = Release|Any CPU
		{DDEA73D9-2288-42E2-8E79-669760EDC571}.Release|x86.ActiveCfg = Release|Any CPU
		{DDEA73D9-2288-42E2-8E79-669760EDC571}.Release|x86.Build.0 = Release|Any CPU
		{032C1963-E993-4201-BCBC-319F9660AA90}.Debug|Any CPU.ActiveCfg = Debug|Any CPU
		{032C1963-E993-4201-BCBC-319F9660AA90}.Debug|Any CPU.Build.0 = Debug|Any CPU
		{032C1963-E993-4201-BCBC-319F9660AA90}.Debug|x86.ActiveCfg = Debug|Any CPU
		{032C1963-E993-4201-BCBC-319F9660AA90}.Debug|x86.Build.0 = Debug|Any CPU
		{032C1963-E993-4201-BCBC-319F9660AA90}.Release|Any CPU.ActiveCfg = Release|Any CPU
		{032C1963-E993-4201-BCBC-319F9660AA90}.Release|Any CPU.Build.0 = Release|Any CPU
		{032C1963-E993-4201-BCBC-319F9660AA90}.Release|x86.ActiveCfg = Release|Any CPU
		{032C1963-E993-4201-BCBC-319F9660AA90}.Release|x86.Build.0 = Release|Any CPU
		{2B9A5F83-21C6-4C5F-B00D-0D73945F5EE0}.Debug|Any CPU.ActiveCfg = Debug|Any CPU
		{2B9A5F83-21C6-4C5F-B00D-0D73945F5EE0}.Debug|Any CPU.Build.0 = Debug|Any CPU
		{2B9A5F83-21C6-4C5F-B00D-0D73945F5EE0}.Debug|x86.ActiveCfg = Debug|Any CPU
		{2B9A5F83-21C6-4C5F-B00D-0D73945F5EE0}.Debug|x86.Build.0 = Debug|Any CPU
		{2B9A5F83-21C6-4C5F-B00D-0D73945F5EE0}.Release|Any CPU.ActiveCfg = Release|Any CPU
		{2B9A5F83-21C6-4C5F-B00D-0D73945F5EE0}.Release|Any CPU.Build.0 = Release|Any CPU
		{2B9A5F83-21C6-4C5F-B00D-0D73945F5EE0}.Release|x86.ActiveCfg = Release|Any CPU
		{2B9A5F83-21C6-4C5F-B00D-0D73945F5EE0}.Release|x86.Build.0 = Release|Any CPU
		{4A258A4E-C5BD-4DAF-9BCC-BDE5F6533008}.Debug|Any CPU.ActiveCfg = Debug|Any CPU
		{4A258A4E-C5BD-4DAF-9BCC-BDE5F6533008}.Debug|Any CPU.Build.0 = Debug|Any CPU
		{4A258A4E-C5BD-4DAF-9BCC-BDE5F6533008}.Debug|x86.ActiveCfg = Debug|Any CPU
		{4A258A4E-C5BD-4DAF-9BCC-BDE5F6533008}.Debug|x86.Build.0 = Debug|Any CPU
		{4A258A4E-C5BD-4DAF-9BCC-BDE5F6533008}.Release|Any CPU.ActiveCfg = Release|Any CPU
		{4A258A4E-C5BD-4DAF-9BCC-BDE5F6533008}.Release|Any CPU.Build.0 = Release|Any CPU
		{4A258A4E-C5BD-4DAF-9BCC-BDE5F6533008}.Release|x86.ActiveCfg = Release|Any CPU
		{4A258A4E-C5BD-4DAF-9BCC-BDE5F6533008}.Release|x86.Build.0 = Release|Any CPU
		{E8806EDA-17E5-4BDF-8475-0076A5CF5C07}.Debug|Any CPU.ActiveCfg = Debug|Any CPU
		{E8806EDA-17E5-4BDF-8475-0076A5CF5C07}.Debug|Any CPU.Build.0 = Debug|Any CPU
		{E8806EDA-17E5-4BDF-8475-0076A5CF5C07}.Debug|x86.ActiveCfg = Debug|Any CPU
		{E8806EDA-17E5-4BDF-8475-0076A5CF5C07}.Debug|x86.Build.0 = Debug|Any CPU
		{E8806EDA-17E5-4BDF-8475-0076A5CF5C07}.Release|Any CPU.ActiveCfg = Release|Any CPU
		{E8806EDA-17E5-4BDF-8475-0076A5CF5C07}.Release|Any CPU.Build.0 = Release|Any CPU
		{E8806EDA-17E5-4BDF-8475-0076A5CF5C07}.Release|x86.ActiveCfg = Release|Any CPU
		{E8806EDA-17E5-4BDF-8475-0076A5CF5C07}.Release|x86.Build.0 = Release|Any CPU
		{751D17AC-A13D-4602-8131-BE4EC4E4F5FC}.Debug|Any CPU.ActiveCfg = Debug|Any CPU
		{751D17AC-A13D-4602-8131-BE4EC4E4F5FC}.Debug|Any CPU.Build.0 = Debug|Any CPU
		{751D17AC-A13D-4602-8131-BE4EC4E4F5FC}.Debug|x86.ActiveCfg = Debug|Any CPU
		{751D17AC-A13D-4602-8131-BE4EC4E4F5FC}.Debug|x86.Build.0 = Debug|Any CPU
		{751D17AC-A13D-4602-8131-BE4EC4E4F5FC}.Release|Any CPU.ActiveCfg = Release|Any CPU
		{751D17AC-A13D-4602-8131-BE4EC4E4F5FC}.Release|Any CPU.Build.0 = Release|Any CPU
		{751D17AC-A13D-4602-8131-BE4EC4E4F5FC}.Release|x86.ActiveCfg = Release|Any CPU
		{751D17AC-A13D-4602-8131-BE4EC4E4F5FC}.Release|x86.Build.0 = Release|Any CPU
		{8EA8BEF2-8AB5-4FB4-A97A-47E3B3AE452B}.Debug|Any CPU.ActiveCfg = Debug|Any CPU
		{8EA8BEF2-8AB5-4FB4-A97A-47E3B3AE452B}.Debug|Any CPU.Build.0 = Debug|Any CPU
		{8EA8BEF2-8AB5-4FB4-A97A-47E3B3AE452B}.Debug|x86.ActiveCfg = Debug|Any CPU
		{8EA8BEF2-8AB5-4FB4-A97A-47E3B3AE452B}.Debug|x86.Build.0 = Debug|Any CPU
		{8EA8BEF2-8AB5-4FB4-A97A-47E3B3AE452B}.Release|Any CPU.ActiveCfg = Release|Any CPU
		{8EA8BEF2-8AB5-4FB4-A97A-47E3B3AE452B}.Release|Any CPU.Build.0 = Release|Any CPU
		{8EA8BEF2-8AB5-4FB4-A97A-47E3B3AE452B}.Release|x86.ActiveCfg = Release|Any CPU
		{8EA8BEF2-8AB5-4FB4-A97A-47E3B3AE452B}.Release|x86.Build.0 = Release|Any CPU
		{16BC333C-1B40-482C-91BB-09AFCE63FD2D}.Debug|Any CPU.ActiveCfg = Debug|Any CPU
		{16BC333C-1B40-482C-91BB-09AFCE63FD2D}.Debug|Any CPU.Build.0 = Debug|Any CPU
		{16BC333C-1B40-482C-91BB-09AFCE63FD2D}.Debug|x86.ActiveCfg = Debug|Any CPU
		{16BC333C-1B40-482C-91BB-09AFCE63FD2D}.Debug|x86.Build.0 = Debug|Any CPU
		{16BC333C-1B40-482C-91BB-09AFCE63FD2D}.Release|Any CPU.ActiveCfg = Release|Any CPU
		{16BC333C-1B40-482C-91BB-09AFCE63FD2D}.Release|Any CPU.Build.0 = Release|Any CPU
		{16BC333C-1B40-482C-91BB-09AFCE63FD2D}.Release|x86.ActiveCfg = Release|Any CPU
		{16BC333C-1B40-482C-91BB-09AFCE63FD2D}.Release|x86.Build.0 = Release|Any CPU
		{D411A09D-FA5D-4BD7-ADD0-94089E3CCA39}.Debug|Any CPU.ActiveCfg = Debug|Any CPU
		{D411A09D-FA5D-4BD7-ADD0-94089E3CCA39}.Debug|Any CPU.Build.0 = Debug|Any CPU
		{D411A09D-FA5D-4BD7-ADD0-94089E3CCA39}.Debug|x86.ActiveCfg = Debug|Any CPU
		{D411A09D-FA5D-4BD7-ADD0-94089E3CCA39}.Debug|x86.Build.0 = Debug|Any CPU
		{D411A09D-FA5D-4BD7-ADD0-94089E3CCA39}.Release|Any CPU.ActiveCfg = Release|Any CPU
		{D411A09D-FA5D-4BD7-ADD0-94089E3CCA39}.Release|Any CPU.Build.0 = Release|Any CPU
		{D411A09D-FA5D-4BD7-ADD0-94089E3CCA39}.Release|x86.ActiveCfg = Release|Any CPU
		{D411A09D-FA5D-4BD7-ADD0-94089E3CCA39}.Release|x86.Build.0 = Release|Any CPU
		{117013FC-7857-4A3B-87DB-5259A65F89F1}.Debug|Any CPU.ActiveCfg = Debug|Any CPU
		{117013FC-7857-4A3B-87DB-5259A65F89F1}.Debug|Any CPU.Build.0 = Debug|Any CPU
		{117013FC-7857-4A3B-87DB-5259A65F89F1}.Debug|x86.ActiveCfg = Debug|Any CPU
		{117013FC-7857-4A3B-87DB-5259A65F89F1}.Debug|x86.Build.0 = Debug|Any CPU
		{117013FC-7857-4A3B-87DB-5259A65F89F1}.Release|Any CPU.ActiveCfg = Release|Any CPU
		{117013FC-7857-4A3B-87DB-5259A65F89F1}.Release|Any CPU.Build.0 = Release|Any CPU
		{117013FC-7857-4A3B-87DB-5259A65F89F1}.Release|x86.ActiveCfg = Release|Any CPU
		{117013FC-7857-4A3B-87DB-5259A65F89F1}.Release|x86.Build.0 = Release|Any CPU
		{8D6D5BAB-7EC8-47BD-BCD2-835582C2B503}.Debug|Any CPU.ActiveCfg = Debug|Any CPU
		{8D6D5BAB-7EC8-47BD-BCD2-835582C2B503}.Debug|Any CPU.Build.0 = Debug|Any CPU
		{8D6D5BAB-7EC8-47BD-BCD2-835582C2B503}.Debug|x86.ActiveCfg = Debug|Any CPU
		{8D6D5BAB-7EC8-47BD-BCD2-835582C2B503}.Debug|x86.Build.0 = Debug|Any CPU
		{8D6D5BAB-7EC8-47BD-BCD2-835582C2B503}.Release|Any CPU.ActiveCfg = Release|Any CPU
		{8D6D5BAB-7EC8-47BD-BCD2-835582C2B503}.Release|Any CPU.Build.0 = Release|Any CPU
		{8D6D5BAB-7EC8-47BD-BCD2-835582C2B503}.Release|x86.ActiveCfg = Release|Any CPU
		{8D6D5BAB-7EC8-47BD-BCD2-835582C2B503}.Release|x86.Build.0 = Release|Any CPU
		{440FC27E-33A5-45B2-B9FF-BD360DB85810}.Debug|Any CPU.ActiveCfg = Debug|Any CPU
		{440FC27E-33A5-45B2-B9FF-BD360DB85810}.Debug|Any CPU.Build.0 = Debug|Any CPU
		{440FC27E-33A5-45B2-B9FF-BD360DB85810}.Debug|x86.ActiveCfg = Debug|Any CPU
		{440FC27E-33A5-45B2-B9FF-BD360DB85810}.Debug|x86.Build.0 = Debug|Any CPU
		{440FC27E-33A5-45B2-B9FF-BD360DB85810}.Release|Any CPU.ActiveCfg = Release|Any CPU
		{440FC27E-33A5-45B2-B9FF-BD360DB85810}.Release|Any CPU.Build.0 = Release|Any CPU
		{440FC27E-33A5-45B2-B9FF-BD360DB85810}.Release|x86.ActiveCfg = Release|Any CPU
		{440FC27E-33A5-45B2-B9FF-BD360DB85810}.Release|x86.Build.0 = Release|Any CPU
		{64D27B5D-E66A-42D3-AD83-BC3DE9219470}.Debug|Any CPU.ActiveCfg = Debug|Any CPU
		{64D27B5D-E66A-42D3-AD83-BC3DE9219470}.Debug|Any CPU.Build.0 = Debug|Any CPU
		{64D27B5D-E66A-42D3-AD83-BC3DE9219470}.Debug|x86.ActiveCfg = Debug|Any CPU
		{64D27B5D-E66A-42D3-AD83-BC3DE9219470}.Debug|x86.Build.0 = Debug|Any CPU
		{64D27B5D-E66A-42D3-AD83-BC3DE9219470}.Release|Any CPU.ActiveCfg = Release|Any CPU
		{64D27B5D-E66A-42D3-AD83-BC3DE9219470}.Release|Any CPU.Build.0 = Release|Any CPU
		{64D27B5D-E66A-42D3-AD83-BC3DE9219470}.Release|x86.ActiveCfg = Release|Any CPU
		{64D27B5D-E66A-42D3-AD83-BC3DE9219470}.Release|x86.Build.0 = Release|Any CPU
		{38C980C0-4F2E-4144-BC03-8610F89A87DF}.Debug|Any CPU.ActiveCfg = Debug|Any CPU
		{38C980C0-4F2E-4144-BC03-8610F89A87DF}.Debug|Any CPU.Build.0 = Debug|Any CPU
		{38C980C0-4F2E-4144-BC03-8610F89A87DF}.Debug|x86.ActiveCfg = Debug|Any CPU
		{38C980C0-4F2E-4144-BC03-8610F89A87DF}.Debug|x86.Build.0 = Debug|Any CPU
		{38C980C0-4F2E-4144-BC03-8610F89A87DF}.Release|Any CPU.ActiveCfg = Release|Any CPU
		{38C980C0-4F2E-4144-BC03-8610F89A87DF}.Release|Any CPU.Build.0 = Release|Any CPU
		{38C980C0-4F2E-4144-BC03-8610F89A87DF}.Release|x86.ActiveCfg = Release|Any CPU
		{38C980C0-4F2E-4144-BC03-8610F89A87DF}.Release|x86.Build.0 = Release|Any CPU
		{B4E8C3BD-A416-4983-A6BF-5FF8832E4628}.Debug|Any CPU.ActiveCfg = Debug|Any CPU
		{B4E8C3BD-A416-4983-A6BF-5FF8832E4628}.Debug|Any CPU.Build.0 = Debug|Any CPU
		{B4E8C3BD-A416-4983-A6BF-5FF8832E4628}.Debug|x86.ActiveCfg = Debug|Any CPU
		{B4E8C3BD-A416-4983-A6BF-5FF8832E4628}.Debug|x86.Build.0 = Debug|Any CPU
		{B4E8C3BD-A416-4983-A6BF-5FF8832E4628}.Release|Any CPU.ActiveCfg = Release|Any CPU
		{B4E8C3BD-A416-4983-A6BF-5FF8832E4628}.Release|Any CPU.Build.0 = Release|Any CPU
		{B4E8C3BD-A416-4983-A6BF-5FF8832E4628}.Release|x86.ActiveCfg = Release|Any CPU
		{B4E8C3BD-A416-4983-A6BF-5FF8832E4628}.Release|x86.Build.0 = Release|Any CPU
		{31AC6735-AE5B-4E70-9664-12AD309B50BA}.Debug|Any CPU.ActiveCfg = Debug|Any CPU
		{31AC6735-AE5B-4E70-9664-12AD309B50BA}.Debug|Any CPU.Build.0 = Debug|Any CPU
		{31AC6735-AE5B-4E70-9664-12AD309B50BA}.Debug|x86.ActiveCfg = Debug|Any CPU
		{31AC6735-AE5B-4E70-9664-12AD309B50BA}.Debug|x86.Build.0 = Debug|Any CPU
		{31AC6735-AE5B-4E70-9664-12AD309B50BA}.Release|Any CPU.ActiveCfg = Release|Any CPU
		{31AC6735-AE5B-4E70-9664-12AD309B50BA}.Release|Any CPU.Build.0 = Release|Any CPU
		{31AC6735-AE5B-4E70-9664-12AD309B50BA}.Release|x86.ActiveCfg = Release|Any CPU
		{31AC6735-AE5B-4E70-9664-12AD309B50BA}.Release|x86.Build.0 = Release|Any CPU
		{E5429098-4F42-4CC3-9D24-41B277E9BC61}.Debug|Any CPU.ActiveCfg = Debug|Any CPU
		{E5429098-4F42-4CC3-9D24-41B277E9BC61}.Debug|Any CPU.Build.0 = Debug|Any CPU
		{E5429098-4F42-4CC3-9D24-41B277E9BC61}.Debug|x86.ActiveCfg = Debug|Any CPU
		{E5429098-4F42-4CC3-9D24-41B277E9BC61}.Debug|x86.Build.0 = Debug|Any CPU
		{E5429098-4F42-4CC3-9D24-41B277E9BC61}.Release|Any CPU.ActiveCfg = Release|Any CPU
		{E5429098-4F42-4CC3-9D24-41B277E9BC61}.Release|Any CPU.Build.0 = Release|Any CPU
		{E5429098-4F42-4CC3-9D24-41B277E9BC61}.Release|x86.ActiveCfg = Release|Any CPU
		{E5429098-4F42-4CC3-9D24-41B277E9BC61}.Release|x86.Build.0 = Release|Any CPU
		{B18A75C0-285F-49C5-960B-44BAD9641676}.Debug|Any CPU.ActiveCfg = Debug|Any CPU
		{B18A75C0-285F-49C5-960B-44BAD9641676}.Debug|Any CPU.Build.0 = Debug|Any CPU
		{B18A75C0-285F-49C5-960B-44BAD9641676}.Debug|x86.ActiveCfg = Debug|Any CPU
		{B18A75C0-285F-49C5-960B-44BAD9641676}.Debug|x86.Build.0 = Debug|Any CPU
		{B18A75C0-285F-49C5-960B-44BAD9641676}.Release|Any CPU.ActiveCfg = Release|Any CPU
		{B18A75C0-285F-49C5-960B-44BAD9641676}.Release|Any CPU.Build.0 = Release|Any CPU
		{B18A75C0-285F-49C5-960B-44BAD9641676}.Release|x86.ActiveCfg = Release|Any CPU
		{B18A75C0-285F-49C5-960B-44BAD9641676}.Release|x86.Build.0 = Release|Any CPU
		{AE2D9C66-3897-4C83-AD06-8E323341B438}.Debug|Any CPU.ActiveCfg = Debug|Any CPU
		{AE2D9C66-3897-4C83-AD06-8E323341B438}.Debug|Any CPU.Build.0 = Debug|Any CPU
		{AE2D9C66-3897-4C83-AD06-8E323341B438}.Debug|x86.ActiveCfg = Debug|Any CPU
		{AE2D9C66-3897-4C83-AD06-8E323341B438}.Debug|x86.Build.0 = Debug|Any CPU
		{AE2D9C66-3897-4C83-AD06-8E323341B438}.Release|Any CPU.ActiveCfg = Release|Any CPU
		{AE2D9C66-3897-4C83-AD06-8E323341B438}.Release|Any CPU.Build.0 = Release|Any CPU
		{AE2D9C66-3897-4C83-AD06-8E323341B438}.Release|x86.ActiveCfg = Release|Any CPU
		{AE2D9C66-3897-4C83-AD06-8E323341B438}.Release|x86.Build.0 = Release|Any CPU
		{B3BAD4BD-EA5C-42B7-B814-FDD1BD56CD1A}.Debug|Any CPU.ActiveCfg = Debug|Any CPU
		{B3BAD4BD-EA5C-42B7-B814-FDD1BD56CD1A}.Debug|Any CPU.Build.0 = Debug|Any CPU
		{B3BAD4BD-EA5C-42B7-B814-FDD1BD56CD1A}.Debug|x86.ActiveCfg = Debug|Any CPU
		{B3BAD4BD-EA5C-42B7-B814-FDD1BD56CD1A}.Debug|x86.Build.0 = Debug|Any CPU
		{B3BAD4BD-EA5C-42B7-B814-FDD1BD56CD1A}.Release|Any CPU.ActiveCfg = Release|Any CPU
		{B3BAD4BD-EA5C-42B7-B814-FDD1BD56CD1A}.Release|Any CPU.Build.0 = Release|Any CPU
		{B3BAD4BD-EA5C-42B7-B814-FDD1BD56CD1A}.Release|x86.ActiveCfg = Release|Any CPU
		{B3BAD4BD-EA5C-42B7-B814-FDD1BD56CD1A}.Release|x86.Build.0 = Release|Any CPU
		{1AC786EB-6D6E-447A-ACA5-C6A045C360FF}.Debug|Any CPU.ActiveCfg = Debug|Any CPU
		{1AC786EB-6D6E-447A-ACA5-C6A045C360FF}.Debug|Any CPU.Build.0 = Debug|Any CPU
		{1AC786EB-6D6E-447A-ACA5-C6A045C360FF}.Debug|x86.ActiveCfg = Debug|Any CPU
		{1AC786EB-6D6E-447A-ACA5-C6A045C360FF}.Debug|x86.Build.0 = Debug|Any CPU
		{1AC786EB-6D6E-447A-ACA5-C6A045C360FF}.Release|Any CPU.ActiveCfg = Release|Any CPU
		{1AC786EB-6D6E-447A-ACA5-C6A045C360FF}.Release|Any CPU.Build.0 = Release|Any CPU
		{1AC786EB-6D6E-447A-ACA5-C6A045C360FF}.Release|x86.ActiveCfg = Release|Any CPU
		{1AC786EB-6D6E-447A-ACA5-C6A045C360FF}.Release|x86.Build.0 = Release|Any CPU
		{89EEE3A1-F126-4FA0-81B7-896B6CE640B1}.Debug|Any CPU.ActiveCfg = Debug|Any CPU
		{89EEE3A1-F126-4FA0-81B7-896B6CE640B1}.Debug|Any CPU.Build.0 = Debug|Any CPU
		{89EEE3A1-F126-4FA0-81B7-896B6CE640B1}.Debug|x86.ActiveCfg = Debug|Any CPU
		{89EEE3A1-F126-4FA0-81B7-896B6CE640B1}.Debug|x86.Build.0 = Debug|Any CPU
		{89EEE3A1-F126-4FA0-81B7-896B6CE640B1}.Release|Any CPU.ActiveCfg = Release|Any CPU
		{89EEE3A1-F126-4FA0-81B7-896B6CE640B1}.Release|Any CPU.Build.0 = Release|Any CPU
		{89EEE3A1-F126-4FA0-81B7-896B6CE640B1}.Release|x86.ActiveCfg = Release|Any CPU
		{89EEE3A1-F126-4FA0-81B7-896B6CE640B1}.Release|x86.Build.0 = Release|Any CPU
		{B7099B88-08DC-44A7-93BD-28F672694C42}.Debug|Any CPU.ActiveCfg = Debug|Any CPU
		{B7099B88-08DC-44A7-93BD-28F672694C42}.Debug|Any CPU.Build.0 = Debug|Any CPU
		{B7099B88-08DC-44A7-93BD-28F672694C42}.Debug|x86.ActiveCfg = Debug|Any CPU
		{B7099B88-08DC-44A7-93BD-28F672694C42}.Debug|x86.Build.0 = Debug|Any CPU
		{B7099B88-08DC-44A7-93BD-28F672694C42}.Release|Any CPU.ActiveCfg = Release|Any CPU
		{B7099B88-08DC-44A7-93BD-28F672694C42}.Release|Any CPU.Build.0 = Release|Any CPU
		{B7099B88-08DC-44A7-93BD-28F672694C42}.Release|x86.ActiveCfg = Release|Any CPU
		{B7099B88-08DC-44A7-93BD-28F672694C42}.Release|x86.Build.0 = Release|Any CPU
		{6391F0E1-F18D-4981-93E3-4417FD78E580}.Debug|Any CPU.ActiveCfg = Debug|Any CPU
		{6391F0E1-F18D-4981-93E3-4417FD78E580}.Debug|Any CPU.Build.0 = Debug|Any CPU
		{6391F0E1-F18D-4981-93E3-4417FD78E580}.Debug|x86.ActiveCfg = Debug|Any CPU
		{6391F0E1-F18D-4981-93E3-4417FD78E580}.Debug|x86.Build.0 = Debug|Any CPU
		{6391F0E1-F18D-4981-93E3-4417FD78E580}.Release|Any CPU.ActiveCfg = Release|Any CPU
		{6391F0E1-F18D-4981-93E3-4417FD78E580}.Release|Any CPU.Build.0 = Release|Any CPU
		{6391F0E1-F18D-4981-93E3-4417FD78E580}.Release|x86.ActiveCfg = Release|Any CPU
		{6391F0E1-F18D-4981-93E3-4417FD78E580}.Release|x86.Build.0 = Release|Any CPU
		{309C60C3-EF2B-46F5-A57E-AB7774F0CB60}.Debug|Any CPU.ActiveCfg = Debug|Any CPU
		{309C60C3-EF2B-46F5-A57E-AB7774F0CB60}.Debug|Any CPU.Build.0 = Debug|Any CPU
		{309C60C3-EF2B-46F5-A57E-AB7774F0CB60}.Debug|x86.ActiveCfg = Debug|Any CPU
		{309C60C3-EF2B-46F5-A57E-AB7774F0CB60}.Debug|x86.Build.0 = Debug|Any CPU
		{309C60C3-EF2B-46F5-A57E-AB7774F0CB60}.Release|Any CPU.ActiveCfg = Release|Any CPU
		{309C60C3-EF2B-46F5-A57E-AB7774F0CB60}.Release|Any CPU.Build.0 = Release|Any CPU
		{309C60C3-EF2B-46F5-A57E-AB7774F0CB60}.Release|x86.ActiveCfg = Release|Any CPU
		{309C60C3-EF2B-46F5-A57E-AB7774F0CB60}.Release|x86.Build.0 = Release|Any CPU
		{ED254FBA-3825-47DE-B34B-89A45EDD7FC0}.Debug|Any CPU.ActiveCfg = Debug|Any CPU
		{ED254FBA-3825-47DE-B34B-89A45EDD7FC0}.Debug|Any CPU.Build.0 = Debug|Any CPU
		{ED254FBA-3825-47DE-B34B-89A45EDD7FC0}.Debug|x86.ActiveCfg = Debug|Any CPU
		{ED254FBA-3825-47DE-B34B-89A45EDD7FC0}.Debug|x86.Build.0 = Debug|Any CPU
		{ED254FBA-3825-47DE-B34B-89A45EDD7FC0}.Release|Any CPU.ActiveCfg = Release|Any CPU
		{ED254FBA-3825-47DE-B34B-89A45EDD7FC0}.Release|Any CPU.Build.0 = Release|Any CPU
		{ED254FBA-3825-47DE-B34B-89A45EDD7FC0}.Release|x86.ActiveCfg = Release|Any CPU
		{ED254FBA-3825-47DE-B34B-89A45EDD7FC0}.Release|x86.Build.0 = Release|Any CPU
		{EF77F464-A9A9-41D4-8ABE-471D1E1C651B}.Debug|Any CPU.ActiveCfg = Debug|Any CPU
		{EF77F464-A9A9-41D4-8ABE-471D1E1C651B}.Debug|Any CPU.Build.0 = Debug|Any CPU
		{EF77F464-A9A9-41D4-8ABE-471D1E1C651B}.Debug|x86.ActiveCfg = Debug|Any CPU
		{EF77F464-A9A9-41D4-8ABE-471D1E1C651B}.Debug|x86.Build.0 = Debug|Any CPU
		{EF77F464-A9A9-41D4-8ABE-471D1E1C651B}.Release|Any CPU.ActiveCfg = Release|Any CPU
		{EF77F464-A9A9-41D4-8ABE-471D1E1C651B}.Release|Any CPU.Build.0 = Release|Any CPU
		{EF77F464-A9A9-41D4-8ABE-471D1E1C651B}.Release|x86.ActiveCfg = Release|Any CPU
		{EF77F464-A9A9-41D4-8ABE-471D1E1C651B}.Release|x86.Build.0 = Release|Any CPU
		{48D0EB3C-34B5-4E4C-BDAC-1E74698F028A}.Debug|Any CPU.ActiveCfg = Debug|Any CPU
		{48D0EB3C-34B5-4E4C-BDAC-1E74698F028A}.Debug|Any CPU.Build.0 = Debug|Any CPU
		{48D0EB3C-34B5-4E4C-BDAC-1E74698F028A}.Debug|x86.ActiveCfg = Debug|Any CPU
		{48D0EB3C-34B5-4E4C-BDAC-1E74698F028A}.Debug|x86.Build.0 = Debug|Any CPU
		{48D0EB3C-34B5-4E4C-BDAC-1E74698F028A}.Release|Any CPU.ActiveCfg = Release|Any CPU
		{48D0EB3C-34B5-4E4C-BDAC-1E74698F028A}.Release|Any CPU.Build.0 = Release|Any CPU
		{48D0EB3C-34B5-4E4C-BDAC-1E74698F028A}.Release|x86.ActiveCfg = Release|Any CPU
		{48D0EB3C-34B5-4E4C-BDAC-1E74698F028A}.Release|x86.Build.0 = Release|Any CPU
		{99E7AAC2-87E6-4717-95F1-8C5BF8940F36}.Debug|Any CPU.ActiveCfg = Debug|Any CPU
		{99E7AAC2-87E6-4717-95F1-8C5BF8940F36}.Debug|Any CPU.Build.0 = Debug|Any CPU
		{99E7AAC2-87E6-4717-95F1-8C5BF8940F36}.Debug|x86.ActiveCfg = Debug|Any CPU
		{99E7AAC2-87E6-4717-95F1-8C5BF8940F36}.Debug|x86.Build.0 = Debug|Any CPU
		{99E7AAC2-87E6-4717-95F1-8C5BF8940F36}.Release|Any CPU.ActiveCfg = Release|Any CPU
		{99E7AAC2-87E6-4717-95F1-8C5BF8940F36}.Release|Any CPU.Build.0 = Release|Any CPU
		{99E7AAC2-87E6-4717-95F1-8C5BF8940F36}.Release|x86.ActiveCfg = Release|Any CPU
		{99E7AAC2-87E6-4717-95F1-8C5BF8940F36}.Release|x86.Build.0 = Release|Any CPU
		{189BB797-F867-4149-826F-6358F84CA202}.Debug|Any CPU.ActiveCfg = Debug|Any CPU
		{189BB797-F867-4149-826F-6358F84CA202}.Debug|Any CPU.Build.0 = Debug|Any CPU
		{189BB797-F867-4149-826F-6358F84CA202}.Debug|x86.ActiveCfg = Debug|Any CPU
		{189BB797-F867-4149-826F-6358F84CA202}.Debug|x86.Build.0 = Debug|Any CPU
		{189BB797-F867-4149-826F-6358F84CA202}.Release|Any CPU.ActiveCfg = Release|Any CPU
		{189BB797-F867-4149-826F-6358F84CA202}.Release|Any CPU.Build.0 = Release|Any CPU
		{189BB797-F867-4149-826F-6358F84CA202}.Release|x86.ActiveCfg = Release|Any CPU
		{189BB797-F867-4149-826F-6358F84CA202}.Release|x86.Build.0 = Release|Any CPU
		{49A4C497-218C-46DB-BD33-C3F0936444D7}.Debug|Any CPU.ActiveCfg = Debug|Any CPU
		{49A4C497-218C-46DB-BD33-C3F0936444D7}.Debug|Any CPU.Build.0 = Debug|Any CPU
		{49A4C497-218C-46DB-BD33-C3F0936444D7}.Debug|x86.ActiveCfg = Debug|Any CPU
		{49A4C497-218C-46DB-BD33-C3F0936444D7}.Debug|x86.Build.0 = Debug|Any CPU
		{49A4C497-218C-46DB-BD33-C3F0936444D7}.Release|Any CPU.ActiveCfg = Release|Any CPU
		{49A4C497-218C-46DB-BD33-C3F0936444D7}.Release|Any CPU.Build.0 = Release|Any CPU
		{49A4C497-218C-46DB-BD33-C3F0936444D7}.Release|x86.ActiveCfg = Release|Any CPU
		{49A4C497-218C-46DB-BD33-C3F0936444D7}.Release|x86.Build.0 = Release|Any CPU
		{8B5A8D25-92B2-4F9A-9C9D-503D034ECBAF}.Debug|Any CPU.ActiveCfg = Debug|Any CPU
		{8B5A8D25-92B2-4F9A-9C9D-503D034ECBAF}.Debug|Any CPU.Build.0 = Debug|Any CPU
		{8B5A8D25-92B2-4F9A-9C9D-503D034ECBAF}.Debug|x86.ActiveCfg = Debug|Any CPU
		{8B5A8D25-92B2-4F9A-9C9D-503D034ECBAF}.Debug|x86.Build.0 = Debug|Any CPU
		{8B5A8D25-92B2-4F9A-9C9D-503D034ECBAF}.Release|Any CPU.ActiveCfg = Release|Any CPU
		{8B5A8D25-92B2-4F9A-9C9D-503D034ECBAF}.Release|Any CPU.Build.0 = Release|Any CPU
		{8B5A8D25-92B2-4F9A-9C9D-503D034ECBAF}.Release|x86.ActiveCfg = Release|Any CPU
		{8B5A8D25-92B2-4F9A-9C9D-503D034ECBAF}.Release|x86.Build.0 = Release|Any CPU
		{1B9F3E25-8371-4768-96B2-1FAB088B2235}.Debug|Any CPU.ActiveCfg = Debug|Any CPU
		{1B9F3E25-8371-4768-96B2-1FAB088B2235}.Debug|Any CPU.Build.0 = Debug|Any CPU
		{1B9F3E25-8371-4768-96B2-1FAB088B2235}.Debug|x86.ActiveCfg = Debug|Any CPU
		{1B9F3E25-8371-4768-96B2-1FAB088B2235}.Debug|x86.Build.0 = Debug|Any CPU
		{1B9F3E25-8371-4768-96B2-1FAB088B2235}.Release|Any CPU.ActiveCfg = Release|Any CPU
		{1B9F3E25-8371-4768-96B2-1FAB088B2235}.Release|Any CPU.Build.0 = Release|Any CPU
		{1B9F3E25-8371-4768-96B2-1FAB088B2235}.Release|x86.ActiveCfg = Release|Any CPU
		{1B9F3E25-8371-4768-96B2-1FAB088B2235}.Release|x86.Build.0 = Release|Any CPU
		{7DB3AB74-C3CC-4118-908D-FB2AAF09A752}.Debug|Any CPU.ActiveCfg = Debug|Any CPU
		{7DB3AB74-C3CC-4118-908D-FB2AAF09A752}.Debug|Any CPU.Build.0 = Debug|Any CPU
		{7DB3AB74-C3CC-4118-908D-FB2AAF09A752}.Debug|x86.ActiveCfg = Debug|Any CPU
		{7DB3AB74-C3CC-4118-908D-FB2AAF09A752}.Debug|x86.Build.0 = Debug|Any CPU
		{7DB3AB74-C3CC-4118-908D-FB2AAF09A752}.Release|Any CPU.ActiveCfg = Release|Any CPU
		{7DB3AB74-C3CC-4118-908D-FB2AAF09A752}.Release|Any CPU.Build.0 = Release|Any CPU
		{7DB3AB74-C3CC-4118-908D-FB2AAF09A752}.Release|x86.ActiveCfg = Release|Any CPU
		{7DB3AB74-C3CC-4118-908D-FB2AAF09A752}.Release|x86.Build.0 = Release|Any CPU
		{C10BA426-74D9-4A68-83A1-FCD98D46E46B}.Debug|Any CPU.ActiveCfg = Debug|Any CPU
		{C10BA426-74D9-4A68-83A1-FCD98D46E46B}.Debug|Any CPU.Build.0 = Debug|Any CPU
		{C10BA426-74D9-4A68-83A1-FCD98D46E46B}.Debug|x86.ActiveCfg = Debug|Any CPU
		{C10BA426-74D9-4A68-83A1-FCD98D46E46B}.Debug|x86.Build.0 = Debug|Any CPU
		{C10BA426-74D9-4A68-83A1-FCD98D46E46B}.Release|Any CPU.ActiveCfg = Release|Any CPU
		{C10BA426-74D9-4A68-83A1-FCD98D46E46B}.Release|Any CPU.Build.0 = Release|Any CPU
		{C10BA426-74D9-4A68-83A1-FCD98D46E46B}.Release|x86.ActiveCfg = Release|Any CPU
		{C10BA426-74D9-4A68-83A1-FCD98D46E46B}.Release|x86.Build.0 = Release|Any CPU
		{4596F41D-41D0-4F48-A209-C192C05A8891}.Debug|Any CPU.ActiveCfg = Debug|Any CPU
		{4596F41D-41D0-4F48-A209-C192C05A8891}.Debug|Any CPU.Build.0 = Debug|Any CPU
		{4596F41D-41D0-4F48-A209-C192C05A8891}.Debug|x86.ActiveCfg = Debug|Any CPU
		{4596F41D-41D0-4F48-A209-C192C05A8891}.Debug|x86.Build.0 = Debug|Any CPU
		{4596F41D-41D0-4F48-A209-C192C05A8891}.Release|Any CPU.ActiveCfg = Release|Any CPU
		{4596F41D-41D0-4F48-A209-C192C05A8891}.Release|Any CPU.Build.0 = Release|Any CPU
		{4596F41D-41D0-4F48-A209-C192C05A8891}.Release|x86.ActiveCfg = Release|Any CPU
		{4596F41D-41D0-4F48-A209-C192C05A8891}.Release|x86.Build.0 = Release|Any CPU
		{E637286F-1816-4AC7-85CE-D68FCC92C140}.Debug|Any CPU.ActiveCfg = Debug|Any CPU
		{E637286F-1816-4AC7-85CE-D68FCC92C140}.Debug|Any CPU.Build.0 = Debug|Any CPU
		{E637286F-1816-4AC7-85CE-D68FCC92C140}.Debug|x86.ActiveCfg = Debug|Any CPU
		{E637286F-1816-4AC7-85CE-D68FCC92C140}.Debug|x86.Build.0 = Debug|Any CPU
		{E637286F-1816-4AC7-85CE-D68FCC92C140}.Release|Any CPU.ActiveCfg = Release|Any CPU
		{E637286F-1816-4AC7-85CE-D68FCC92C140}.Release|Any CPU.Build.0 = Release|Any CPU
		{E637286F-1816-4AC7-85CE-D68FCC92C140}.Release|x86.ActiveCfg = Release|Any CPU
		{E637286F-1816-4AC7-85CE-D68FCC92C140}.Release|x86.Build.0 = Release|Any CPU
		{69FBA7EE-0B5D-43C6-BD62-4921447AAFA0}.Debug|Any CPU.ActiveCfg = Debug|Any CPU
		{69FBA7EE-0B5D-43C6-BD62-4921447AAFA0}.Debug|Any CPU.Build.0 = Debug|Any CPU
		{69FBA7EE-0B5D-43C6-BD62-4921447AAFA0}.Debug|x86.ActiveCfg = Debug|Any CPU
		{69FBA7EE-0B5D-43C6-BD62-4921447AAFA0}.Debug|x86.Build.0 = Debug|Any CPU
		{69FBA7EE-0B5D-43C6-BD62-4921447AAFA0}.Release|Any CPU.ActiveCfg = Release|Any CPU
		{69FBA7EE-0B5D-43C6-BD62-4921447AAFA0}.Release|Any CPU.Build.0 = Release|Any CPU
		{69FBA7EE-0B5D-43C6-BD62-4921447AAFA0}.Release|x86.ActiveCfg = Release|Any CPU
		{69FBA7EE-0B5D-43C6-BD62-4921447AAFA0}.Release|x86.Build.0 = Release|Any CPU
		{FEA88280-388C-47A2-8569-03BFBB25868F}.Debug|Any CPU.ActiveCfg = Debug|Any CPU
		{FEA88280-388C-47A2-8569-03BFBB25868F}.Debug|Any CPU.Build.0 = Debug|Any CPU
		{FEA88280-388C-47A2-8569-03BFBB25868F}.Debug|x86.ActiveCfg = Debug|Any CPU
		{FEA88280-388C-47A2-8569-03BFBB25868F}.Debug|x86.Build.0 = Debug|Any CPU
		{FEA88280-388C-47A2-8569-03BFBB25868F}.Release|Any CPU.ActiveCfg = Release|Any CPU
		{FEA88280-388C-47A2-8569-03BFBB25868F}.Release|Any CPU.Build.0 = Release|Any CPU
		{FEA88280-388C-47A2-8569-03BFBB25868F}.Release|x86.ActiveCfg = Release|Any CPU
		{FEA88280-388C-47A2-8569-03BFBB25868F}.Release|x86.Build.0 = Release|Any CPU
		{386AD6BE-C81B-4188-9B8A-A3EE2D90696B}.Debug|Any CPU.ActiveCfg = Debug|Any CPU
		{386AD6BE-C81B-4188-9B8A-A3EE2D90696B}.Debug|Any CPU.Build.0 = Debug|Any CPU
		{386AD6BE-C81B-4188-9B8A-A3EE2D90696B}.Debug|x86.ActiveCfg = Debug|Any CPU
		{386AD6BE-C81B-4188-9B8A-A3EE2D90696B}.Debug|x86.Build.0 = Debug|Any CPU
		{386AD6BE-C81B-4188-9B8A-A3EE2D90696B}.Release|Any CPU.ActiveCfg = Release|Any CPU
		{386AD6BE-C81B-4188-9B8A-A3EE2D90696B}.Release|Any CPU.Build.0 = Release|Any CPU
		{386AD6BE-C81B-4188-9B8A-A3EE2D90696B}.Release|x86.ActiveCfg = Release|Any CPU
		{386AD6BE-C81B-4188-9B8A-A3EE2D90696B}.Release|x86.Build.0 = Release|Any CPU
		{56D4BF03-98C9-48CD-BD4D-E9C2EA3A4FDC}.Debug|Any CPU.ActiveCfg = Debug|Any CPU
		{56D4BF03-98C9-48CD-BD4D-E9C2EA3A4FDC}.Debug|Any CPU.Build.0 = Debug|Any CPU
		{56D4BF03-98C9-48CD-BD4D-E9C2EA3A4FDC}.Debug|x86.ActiveCfg = Debug|Any CPU
		{56D4BF03-98C9-48CD-BD4D-E9C2EA3A4FDC}.Debug|x86.Build.0 = Debug|Any CPU
		{56D4BF03-98C9-48CD-BD4D-E9C2EA3A4FDC}.Release|Any CPU.ActiveCfg = Release|Any CPU
		{56D4BF03-98C9-48CD-BD4D-E9C2EA3A4FDC}.Release|Any CPU.Build.0 = Release|Any CPU
		{56D4BF03-98C9-48CD-BD4D-E9C2EA3A4FDC}.Release|x86.ActiveCfg = Release|Any CPU
		{56D4BF03-98C9-48CD-BD4D-E9C2EA3A4FDC}.Release|x86.Build.0 = Release|Any CPU
		{D9C17170-37B7-4998-80C2-21C5AC369199}.Debug|Any CPU.ActiveCfg = Debug|Any CPU
		{D9C17170-37B7-4998-80C2-21C5AC369199}.Debug|Any CPU.Build.0 = Debug|Any CPU
		{D9C17170-37B7-4998-80C2-21C5AC369199}.Debug|x86.ActiveCfg = Debug|Any CPU
		{D9C17170-37B7-4998-80C2-21C5AC369199}.Debug|x86.Build.0 = Debug|Any CPU
		{D9C17170-37B7-4998-80C2-21C5AC369199}.Release|Any CPU.ActiveCfg = Release|Any CPU
		{D9C17170-37B7-4998-80C2-21C5AC369199}.Release|Any CPU.Build.0 = Release|Any CPU
		{D9C17170-37B7-4998-80C2-21C5AC369199}.Release|x86.ActiveCfg = Release|Any CPU
		{D9C17170-37B7-4998-80C2-21C5AC369199}.Release|x86.Build.0 = Release|Any CPU
		{1775C405-F631-4B70-8891-247C79A89B8F}.Debug|Any CPU.ActiveCfg = Debug|Any CPU
		{1775C405-F631-4B70-8891-247C79A89B8F}.Debug|Any CPU.Build.0 = Debug|Any CPU
		{1775C405-F631-4B70-8891-247C79A89B8F}.Debug|x86.ActiveCfg = Debug|Any CPU
		{1775C405-F631-4B70-8891-247C79A89B8F}.Debug|x86.Build.0 = Debug|Any CPU
		{1775C405-F631-4B70-8891-247C79A89B8F}.Release|Any CPU.ActiveCfg = Release|Any CPU
		{1775C405-F631-4B70-8891-247C79A89B8F}.Release|Any CPU.Build.0 = Release|Any CPU
		{1775C405-F631-4B70-8891-247C79A89B8F}.Release|x86.ActiveCfg = Release|Any CPU
		{1775C405-F631-4B70-8891-247C79A89B8F}.Release|x86.Build.0 = Release|Any CPU
		{54C31589-830B-4E60-A6FE-24818A44AFBD}.Debug|Any CPU.ActiveCfg = Debug|Any CPU
		{54C31589-830B-4E60-A6FE-24818A44AFBD}.Debug|Any CPU.Build.0 = Debug|Any CPU
		{54C31589-830B-4E60-A6FE-24818A44AFBD}.Debug|x86.ActiveCfg = Debug|Any CPU
		{54C31589-830B-4E60-A6FE-24818A44AFBD}.Debug|x86.Build.0 = Debug|Any CPU
		{54C31589-830B-4E60-A6FE-24818A44AFBD}.Release|Any CPU.ActiveCfg = Release|Any CPU
		{54C31589-830B-4E60-A6FE-24818A44AFBD}.Release|Any CPU.Build.0 = Release|Any CPU
		{54C31589-830B-4E60-A6FE-24818A44AFBD}.Release|x86.ActiveCfg = Release|Any CPU
		{54C31589-830B-4E60-A6FE-24818A44AFBD}.Release|x86.Build.0 = Release|Any CPU
		{93139758-7316-4DB6-B3F3-779E80019555}.Debug|Any CPU.ActiveCfg = Debug|Any CPU
		{93139758-7316-4DB6-B3F3-779E80019555}.Debug|Any CPU.Build.0 = Debug|Any CPU
		{93139758-7316-4DB6-B3F3-779E80019555}.Debug|x86.ActiveCfg = Debug|Any CPU
		{93139758-7316-4DB6-B3F3-779E80019555}.Debug|x86.Build.0 = Debug|Any CPU
		{93139758-7316-4DB6-B3F3-779E80019555}.Release|Any CPU.ActiveCfg = Release|Any CPU
		{93139758-7316-4DB6-B3F3-779E80019555}.Release|Any CPU.Build.0 = Release|Any CPU
		{93139758-7316-4DB6-B3F3-779E80019555}.Release|x86.ActiveCfg = Release|Any CPU
		{93139758-7316-4DB6-B3F3-779E80019555}.Release|x86.Build.0 = Release|Any CPU
		{3F7FCBEB-74AE-44A9-BB2F-5E428AE36336}.Debug|Any CPU.ActiveCfg = Debug|Any CPU
		{3F7FCBEB-74AE-44A9-BB2F-5E428AE36336}.Debug|Any CPU.Build.0 = Debug|Any CPU
		{3F7FCBEB-74AE-44A9-BB2F-5E428AE36336}.Debug|x86.ActiveCfg = Debug|Any CPU
		{3F7FCBEB-74AE-44A9-BB2F-5E428AE36336}.Debug|x86.Build.0 = Debug|Any CPU
		{3F7FCBEB-74AE-44A9-BB2F-5E428AE36336}.Release|Any CPU.ActiveCfg = Release|Any CPU
		{3F7FCBEB-74AE-44A9-BB2F-5E428AE36336}.Release|Any CPU.Build.0 = Release|Any CPU
		{3F7FCBEB-74AE-44A9-BB2F-5E428AE36336}.Release|x86.ActiveCfg = Release|Any CPU
		{3F7FCBEB-74AE-44A9-BB2F-5E428AE36336}.Release|x86.Build.0 = Release|Any CPU
		{6AF0FF5E-FF24-44F8-B4C8-558646D9C28E}.Debug|Any CPU.ActiveCfg = Debug|Any CPU
		{6AF0FF5E-FF24-44F8-B4C8-558646D9C28E}.Debug|Any CPU.Build.0 = Debug|Any CPU
		{6AF0FF5E-FF24-44F8-B4C8-558646D9C28E}.Debug|x86.ActiveCfg = Debug|Any CPU
		{6AF0FF5E-FF24-44F8-B4C8-558646D9C28E}.Debug|x86.Build.0 = Debug|Any CPU
		{6AF0FF5E-FF24-44F8-B4C8-558646D9C28E}.Release|Any CPU.ActiveCfg = Release|Any CPU
		{6AF0FF5E-FF24-44F8-B4C8-558646D9C28E}.Release|Any CPU.Build.0 = Release|Any CPU
		{6AF0FF5E-FF24-44F8-B4C8-558646D9C28E}.Release|x86.ActiveCfg = Release|Any CPU
		{6AF0FF5E-FF24-44F8-B4C8-558646D9C28E}.Release|x86.Build.0 = Release|Any CPU
		{215A081B-8559-4F36-8E11-D27053DE0750}.Debug|Any CPU.ActiveCfg = Debug|Any CPU
		{215A081B-8559-4F36-8E11-D27053DE0750}.Debug|Any CPU.Build.0 = Debug|Any CPU
		{215A081B-8559-4F36-8E11-D27053DE0750}.Debug|x86.ActiveCfg = Debug|Any CPU
		{215A081B-8559-4F36-8E11-D27053DE0750}.Debug|x86.Build.0 = Debug|Any CPU
		{215A081B-8559-4F36-8E11-D27053DE0750}.Release|Any CPU.ActiveCfg = Release|Any CPU
		{215A081B-8559-4F36-8E11-D27053DE0750}.Release|Any CPU.Build.0 = Release|Any CPU
		{215A081B-8559-4F36-8E11-D27053DE0750}.Release|x86.ActiveCfg = Release|Any CPU
		{215A081B-8559-4F36-8E11-D27053DE0750}.Release|x86.Build.0 = Release|Any CPU
		{B7BAE008-63B3-49F5-AD83-FF4F59140181}.Debug|Any CPU.ActiveCfg = Debug|x86
		{B7BAE008-63B3-49F5-AD83-FF4F59140181}.Debug|Any CPU.Build.0 = Debug|x86
		{B7BAE008-63B3-49F5-AD83-FF4F59140181}.Debug|x86.ActiveCfg = Debug|x86
		{B7BAE008-63B3-49F5-AD83-FF4F59140181}.Debug|x86.Build.0 = Debug|x86
		{B7BAE008-63B3-49F5-AD83-FF4F59140181}.Release|Any CPU.ActiveCfg = Release|x86
		{B7BAE008-63B3-49F5-AD83-FF4F59140181}.Release|Any CPU.Build.0 = Release|x86
		{B7BAE008-63B3-49F5-AD83-FF4F59140181}.Release|x86.ActiveCfg = Release|x86
		{B7BAE008-63B3-49F5-AD83-FF4F59140181}.Release|x86.Build.0 = Release|x86
		{864A9323-A1A7-470E-9ED4-F5EB0CF7F931}.Debug|Any CPU.ActiveCfg = Debug|Any CPU
		{864A9323-A1A7-470E-9ED4-F5EB0CF7F931}.Debug|Any CPU.Build.0 = Debug|Any CPU
		{864A9323-A1A7-470E-9ED4-F5EB0CF7F931}.Debug|x86.ActiveCfg = Debug|Any CPU
		{864A9323-A1A7-470E-9ED4-F5EB0CF7F931}.Debug|x86.Build.0 = Debug|Any CPU
		{864A9323-A1A7-470E-9ED4-F5EB0CF7F931}.Release|Any CPU.ActiveCfg = Release|Any CPU
		{864A9323-A1A7-470E-9ED4-F5EB0CF7F931}.Release|Any CPU.Build.0 = Release|Any CPU
		{864A9323-A1A7-470E-9ED4-F5EB0CF7F931}.Release|x86.ActiveCfg = Release|Any CPU
		{864A9323-A1A7-470E-9ED4-F5EB0CF7F931}.Release|x86.Build.0 = Release|Any CPU
		{4A429356-6D7D-46A6-B71A-F04EFEED8FC2}.Debug|Any CPU.ActiveCfg = Debug|Any CPU
		{4A429356-6D7D-46A6-B71A-F04EFEED8FC2}.Debug|Any CPU.Build.0 = Debug|Any CPU
		{4A429356-6D7D-46A6-B71A-F04EFEED8FC2}.Debug|x86.ActiveCfg = Debug|Any CPU
		{4A429356-6D7D-46A6-B71A-F04EFEED8FC2}.Debug|x86.Build.0 = Debug|Any CPU
		{4A429356-6D7D-46A6-B71A-F04EFEED8FC2}.Release|Any CPU.ActiveCfg = Release|Any CPU
		{4A429356-6D7D-46A6-B71A-F04EFEED8FC2}.Release|Any CPU.Build.0 = Release|Any CPU
		{4A429356-6D7D-46A6-B71A-F04EFEED8FC2}.Release|x86.ActiveCfg = Release|Any CPU
		{4A429356-6D7D-46A6-B71A-F04EFEED8FC2}.Release|x86.Build.0 = Release|Any CPU
		{E0E91F6E-C7A3-45C5-84F9-5F33EB6F9F0A}.Debug|Any CPU.ActiveCfg = Debug|Any CPU
		{E0E91F6E-C7A3-45C5-84F9-5F33EB6F9F0A}.Debug|Any CPU.Build.0 = Debug|Any CPU
		{E0E91F6E-C7A3-45C5-84F9-5F33EB6F9F0A}.Debug|x86.ActiveCfg = Debug|Any CPU
		{E0E91F6E-C7A3-45C5-84F9-5F33EB6F9F0A}.Debug|x86.Build.0 = Debug|Any CPU
		{E0E91F6E-C7A3-45C5-84F9-5F33EB6F9F0A}.Release|Any CPU.ActiveCfg = Release|Any CPU
		{E0E91F6E-C7A3-45C5-84F9-5F33EB6F9F0A}.Release|Any CPU.Build.0 = Release|Any CPU
		{E0E91F6E-C7A3-45C5-84F9-5F33EB6F9F0A}.Release|x86.ActiveCfg = Release|Any CPU
		{E0E91F6E-C7A3-45C5-84F9-5F33EB6F9F0A}.Release|x86.Build.0 = Release|Any CPU
		{A36AB587-985B-4344-A831-AAEB7918C713}.Debug|Any CPU.ActiveCfg = Debug|Any CPU
		{A36AB587-985B-4344-A831-AAEB7918C713}.Debug|Any CPU.Build.0 = Debug|Any CPU
		{A36AB587-985B-4344-A831-AAEB7918C713}.Debug|x86.ActiveCfg = Debug|Any CPU
		{A36AB587-985B-4344-A831-AAEB7918C713}.Debug|x86.Build.0 = Debug|Any CPU
		{A36AB587-985B-4344-A831-AAEB7918C713}.Release|Any CPU.ActiveCfg = Release|Any CPU
		{A36AB587-985B-4344-A831-AAEB7918C713}.Release|Any CPU.Build.0 = Release|Any CPU
		{A36AB587-985B-4344-A831-AAEB7918C713}.Release|x86.ActiveCfg = Release|Any CPU
		{A36AB587-985B-4344-A831-AAEB7918C713}.Release|x86.Build.0 = Release|Any CPU
		{B41EC95E-51A0-45A5-ABC8-6891DDEEB48C}.Debug|Any CPU.ActiveCfg = Debug|Any CPU
		{B41EC95E-51A0-45A5-ABC8-6891DDEEB48C}.Debug|Any CPU.Build.0 = Debug|Any CPU
		{B41EC95E-51A0-45A5-ABC8-6891DDEEB48C}.Debug|x86.ActiveCfg = Debug|Any CPU
		{B41EC95E-51A0-45A5-ABC8-6891DDEEB48C}.Debug|x86.Build.0 = Debug|Any CPU
		{B41EC95E-51A0-45A5-ABC8-6891DDEEB48C}.Release|Any CPU.ActiveCfg = Release|Any CPU
		{B41EC95E-51A0-45A5-ABC8-6891DDEEB48C}.Release|Any CPU.Build.0 = Release|Any CPU
		{B41EC95E-51A0-45A5-ABC8-6891DDEEB48C}.Release|x86.ActiveCfg = Release|Any CPU
		{B41EC95E-51A0-45A5-ABC8-6891DDEEB48C}.Release|x86.Build.0 = Release|Any CPU
		{5DAE5FF0-3183-43E8-8E9F-5DFDAB69D0BD}.Debug|Any CPU.ActiveCfg = Debug|Any CPU
		{5DAE5FF0-3183-43E8-8E9F-5DFDAB69D0BD}.Debug|Any CPU.Build.0 = Debug|Any CPU
		{5DAE5FF0-3183-43E8-8E9F-5DFDAB69D0BD}.Debug|x86.ActiveCfg = Debug|Any CPU
		{5DAE5FF0-3183-43E8-8E9F-5DFDAB69D0BD}.Debug|x86.Build.0 = Debug|Any CPU
		{5DAE5FF0-3183-43E8-8E9F-5DFDAB69D0BD}.Release|Any CPU.ActiveCfg = Release|Any CPU
		{5DAE5FF0-3183-43E8-8E9F-5DFDAB69D0BD}.Release|Any CPU.Build.0 = Release|Any CPU
		{5DAE5FF0-3183-43E8-8E9F-5DFDAB69D0BD}.Release|x86.ActiveCfg = Release|Any CPU
		{5DAE5FF0-3183-43E8-8E9F-5DFDAB69D0BD}.Release|x86.Build.0 = Release|Any CPU
		{6EE1D4C7-77AC-47D9-B563-3F848D5F018E}.Debug|Any CPU.ActiveCfg = Debug|Any CPU
		{6EE1D4C7-77AC-47D9-B563-3F848D5F018E}.Debug|Any CPU.Build.0 = Debug|Any CPU
		{6EE1D4C7-77AC-47D9-B563-3F848D5F018E}.Debug|x86.ActiveCfg = Debug|Any CPU
		{6EE1D4C7-77AC-47D9-B563-3F848D5F018E}.Debug|x86.Build.0 = Debug|Any CPU
		{6EE1D4C7-77AC-47D9-B563-3F848D5F018E}.Release|Any CPU.ActiveCfg = Release|Any CPU
		{6EE1D4C7-77AC-47D9-B563-3F848D5F018E}.Release|Any CPU.Build.0 = Release|Any CPU
		{6EE1D4C7-77AC-47D9-B563-3F848D5F018E}.Release|x86.ActiveCfg = Release|Any CPU
		{6EE1D4C7-77AC-47D9-B563-3F848D5F018E}.Release|x86.Build.0 = Release|Any CPU
		{AE36D206-E5A6-41F2-A4A5-126E8BF49EC8}.Debug|Any CPU.ActiveCfg = Debug|Any CPU
		{AE36D206-E5A6-41F2-A4A5-126E8BF49EC8}.Debug|Any CPU.Build.0 = Debug|Any CPU
		{AE36D206-E5A6-41F2-A4A5-126E8BF49EC8}.Debug|x86.ActiveCfg = Debug|Any CPU
		{AE36D206-E5A6-41F2-A4A5-126E8BF49EC8}.Debug|x86.Build.0 = Debug|Any CPU
		{AE36D206-E5A6-41F2-A4A5-126E8BF49EC8}.Release|Any CPU.ActiveCfg = Release|Any CPU
		{AE36D206-E5A6-41F2-A4A5-126E8BF49EC8}.Release|Any CPU.Build.0 = Release|Any CPU
		{AE36D206-E5A6-41F2-A4A5-126E8BF49EC8}.Release|x86.ActiveCfg = Release|Any CPU
		{AE36D206-E5A6-41F2-A4A5-126E8BF49EC8}.Release|x86.Build.0 = Release|Any CPU
		{03A76288-DE7A-4991-9490-D4FA81F68F1C}.Debug|Any CPU.ActiveCfg = Debug|Any CPU
		{03A76288-DE7A-4991-9490-D4FA81F68F1C}.Debug|Any CPU.Build.0 = Debug|Any CPU
		{03A76288-DE7A-4991-9490-D4FA81F68F1C}.Debug|x86.ActiveCfg = Debug|Any CPU
		{03A76288-DE7A-4991-9490-D4FA81F68F1C}.Debug|x86.Build.0 = Debug|Any CPU
		{03A76288-DE7A-4991-9490-D4FA81F68F1C}.Release|Any CPU.ActiveCfg = Release|Any CPU
		{03A76288-DE7A-4991-9490-D4FA81F68F1C}.Release|Any CPU.Build.0 = Release|Any CPU
		{03A76288-DE7A-4991-9490-D4FA81F68F1C}.Release|x86.ActiveCfg = Release|Any CPU
		{03A76288-DE7A-4991-9490-D4FA81F68F1C}.Release|x86.Build.0 = Release|Any CPU
		{FE208CD8-6EA3-479D-B878-8A2D8C3AEF8F}.Debug|Any CPU.ActiveCfg = Debug|Any CPU
		{FE208CD8-6EA3-479D-B878-8A2D8C3AEF8F}.Debug|Any CPU.Build.0 = Debug|Any CPU
		{FE208CD8-6EA3-479D-B878-8A2D8C3AEF8F}.Debug|x86.ActiveCfg = Debug|Any CPU
		{FE208CD8-6EA3-479D-B878-8A2D8C3AEF8F}.Debug|x86.Build.0 = Debug|Any CPU
		{FE208CD8-6EA3-479D-B878-8A2D8C3AEF8F}.Release|Any CPU.ActiveCfg = Release|Any CPU
		{FE208CD8-6EA3-479D-B878-8A2D8C3AEF8F}.Release|Any CPU.Build.0 = Release|Any CPU
		{FE208CD8-6EA3-479D-B878-8A2D8C3AEF8F}.Release|x86.ActiveCfg = Release|Any CPU
		{FE208CD8-6EA3-479D-B878-8A2D8C3AEF8F}.Release|x86.Build.0 = Release|Any CPU
		{83C8C7A5-1939-488D-9163-25743A968A50}.Debug|Any CPU.ActiveCfg = Debug|Any CPU
		{83C8C7A5-1939-488D-9163-25743A968A50}.Debug|Any CPU.Build.0 = Debug|Any CPU
		{83C8C7A5-1939-488D-9163-25743A968A50}.Debug|x86.ActiveCfg = Debug|Any CPU
		{83C8C7A5-1939-488D-9163-25743A968A50}.Debug|x86.Build.0 = Debug|Any CPU
		{83C8C7A5-1939-488D-9163-25743A968A50}.Release|Any CPU.ActiveCfg = Release|Any CPU
		{83C8C7A5-1939-488D-9163-25743A968A50}.Release|Any CPU.Build.0 = Release|Any CPU
		{83C8C7A5-1939-488D-9163-25743A968A50}.Release|x86.ActiveCfg = Release|Any CPU
		{83C8C7A5-1939-488D-9163-25743A968A50}.Release|x86.Build.0 = Release|Any CPU
		{54DC5207-F36A-43E0-94DC-2034E7799E0D}.Debug|Any CPU.ActiveCfg = Debug|Any CPU
		{54DC5207-F36A-43E0-94DC-2034E7799E0D}.Debug|Any CPU.Build.0 = Debug|Any CPU
		{54DC5207-F36A-43E0-94DC-2034E7799E0D}.Debug|x86.ActiveCfg = Debug|Any CPU
		{54DC5207-F36A-43E0-94DC-2034E7799E0D}.Debug|x86.Build.0 = Debug|Any CPU
		{54DC5207-F36A-43E0-94DC-2034E7799E0D}.Release|Any CPU.ActiveCfg = Release|Any CPU
		{54DC5207-F36A-43E0-94DC-2034E7799E0D}.Release|Any CPU.Build.0 = Release|Any CPU
		{54DC5207-F36A-43E0-94DC-2034E7799E0D}.Release|x86.ActiveCfg = Release|Any CPU
		{54DC5207-F36A-43E0-94DC-2034E7799E0D}.Release|x86.Build.0 = Release|Any CPU
	EndGlobalSection
	GlobalSection(SolutionProperties) = preSolution
		HideSolutionNode = FALSE
	EndGlobalSection
	GlobalSection(NestedProjects) = preSolution
		{23D42821-341D-474F-A4D1-7CB8B181B3C9} = {5889EA89-EC6A-4C2D-BFBC-FCA2FBC771A4}
		{89F88FBB-ABF6-41BE-BFC8-BF12C03366CF} = {5889EA89-EC6A-4C2D-BFBC-FCA2FBC771A4}
		{3AE44D49-DD17-44A0-A2AF-FDD5EBA39C3E} = {D0239DE8-51CD-40DB-A69F-A8217D4FDEAC}
		{431690FF-5877-4BCD-B162-2EC7276A3C2D} = {3AE44D49-DD17-44A0-A2AF-FDD5EBA39C3E}
		{59477B93-1B2F-47E2-900B-8028F6EC2D4B} = {3AE44D49-DD17-44A0-A2AF-FDD5EBA39C3E}
		{F8E09D27-02C8-4100-8176-63BCD27FDA13} = {3AE44D49-DD17-44A0-A2AF-FDD5EBA39C3E}
		{85DF6CFE-C162-4D15-AFF0-2036FAF56FF4} = {23D42821-341D-474F-A4D1-7CB8B181B3C9}
		{17B16407-F5A0-44AE-9B64-E598769C018C} = {23D42821-341D-474F-A4D1-7CB8B181B3C9}
		{DDEA73D9-2288-42E2-8E79-669760EDC571} = {89F88FBB-ABF6-41BE-BFC8-BF12C03366CF}
		{032C1963-E993-4201-BCBC-319F9660AA90} = {89F88FBB-ABF6-41BE-BFC8-BF12C03366CF}
		{7AAE09A2-B42C-4712-A6E8-816ECC451659} = {5889EA89-EC6A-4C2D-BFBC-FCA2FBC771A4}
		{2B9A5F83-21C6-4C5F-B00D-0D73945F5EE0} = {7AAE09A2-B42C-4712-A6E8-816ECC451659}
		{4A258A4E-C5BD-4DAF-9BCC-BDE5F6533008} = {7AAE09A2-B42C-4712-A6E8-816ECC451659}
		{E8806EDA-17E5-4BDF-8475-0076A5CF5C07} = {7AAE09A2-B42C-4712-A6E8-816ECC451659}
		{9B5EEB55-B402-4A85-BE5B-793484A90AFF} = {5889EA89-EC6A-4C2D-BFBC-FCA2FBC771A4}
		{751D17AC-A13D-4602-8131-BE4EC4E4F5FC} = {9B5EEB55-B402-4A85-BE5B-793484A90AFF}
		{8EA8BEF2-8AB5-4FB4-A97A-47E3B3AE452B} = {9B5EEB55-B402-4A85-BE5B-793484A90AFF}
		{16BC333C-1B40-482C-91BB-09AFCE63FD2D} = {9B5EEB55-B402-4A85-BE5B-793484A90AFF}
		{D411A09D-FA5D-4BD7-ADD0-94089E3CCA39} = {9B5EEB55-B402-4A85-BE5B-793484A90AFF}
		{117013FC-7857-4A3B-87DB-5259A65F89F1} = {9B5EEB55-B402-4A85-BE5B-793484A90AFF}
		{F548B38C-2AE7-49D6-B350-4781069FECEF} = {D0239DE8-51CD-40DB-A69F-A8217D4FDEAC}
		{8D6D5BAB-7EC8-47BD-BCD2-835582C2B503} = {F548B38C-2AE7-49D6-B350-4781069FECEF}
		{440FC27E-33A5-45B2-B9FF-BD360DB85810} = {F548B38C-2AE7-49D6-B350-4781069FECEF}
		{64D27B5D-E66A-42D3-AD83-BC3DE9219470} = {F548B38C-2AE7-49D6-B350-4781069FECEF}
		{5D71B484-D6EA-4D45-B8A7-96E5F75F20D2} = {D0239DE8-51CD-40DB-A69F-A8217D4FDEAC}
		{38C980C0-4F2E-4144-BC03-8610F89A87DF} = {5D71B484-D6EA-4D45-B8A7-96E5F75F20D2}
		{B4E8C3BD-A416-4983-A6BF-5FF8832E4628} = {5D71B484-D6EA-4D45-B8A7-96E5F75F20D2}
		{3AB0052B-F7A8-4BB1-9622-ECEF4643E39D} = {5889EA89-EC6A-4C2D-BFBC-FCA2FBC771A4}
		{31AC6735-AE5B-4E70-9664-12AD309B50BA} = {3AB0052B-F7A8-4BB1-9622-ECEF4643E39D}
		{E5429098-4F42-4CC3-9D24-41B277E9BC61} = {3AB0052B-F7A8-4BB1-9622-ECEF4643E39D}
		{B18A75C0-285F-49C5-960B-44BAD9641676} = {3AB0052B-F7A8-4BB1-9622-ECEF4643E39D}
		{AE2D9C66-3897-4C83-AD06-8E323341B438} = {5D71B484-D6EA-4D45-B8A7-96E5F75F20D2}
		{A07F1B54-5C77-48D0-B688-A91929693E56} = {D0239DE8-51CD-40DB-A69F-A8217D4FDEAC}
		{B3BAD4BD-EA5C-42B7-B814-FDD1BD56CD1A} = {A07F1B54-5C77-48D0-B688-A91929693E56}
		{1AC786EB-6D6E-447A-ACA5-C6A045C360FF} = {A07F1B54-5C77-48D0-B688-A91929693E56}
		{D3384ED5-EBA0-49CE-90D0-A4E1F65A9B32} = {5889EA89-EC6A-4C2D-BFBC-FCA2FBC771A4}
		{89EEE3A1-F126-4FA0-81B7-896B6CE640B1} = {D3384ED5-EBA0-49CE-90D0-A4E1F65A9B32}
		{B7099B88-08DC-44A7-93BD-28F672694C42} = {D3384ED5-EBA0-49CE-90D0-A4E1F65A9B32}
		{6391F0E1-F18D-4981-93E3-4417FD78E580} = {D3384ED5-EBA0-49CE-90D0-A4E1F65A9B32}
		{309C60C3-EF2B-46F5-A57E-AB7774F0CB60} = {D3384ED5-EBA0-49CE-90D0-A4E1F65A9B32}
		{ED254FBA-3825-47DE-B34B-89A45EDD7FC0} = {D3384ED5-EBA0-49CE-90D0-A4E1F65A9B32}
		{7DFDFD59-A126-4199-8B27-B52C6AAFBF3C} = {5889EA89-EC6A-4C2D-BFBC-FCA2FBC771A4}
		{EF77F464-A9A9-41D4-8ABE-471D1E1C651B} = {7DFDFD59-A126-4199-8B27-B52C6AAFBF3C}
		{48D0EB3C-34B5-4E4C-BDAC-1E74698F028A} = {7DFDFD59-A126-4199-8B27-B52C6AAFBF3C}
		{99E7AAC2-87E6-4717-95F1-8C5BF8940F36} = {7DFDFD59-A126-4199-8B27-B52C6AAFBF3C}
		{6025950D-2423-4C9E-9B56-86B9460125F3} = {D0239DE8-51CD-40DB-A69F-A8217D4FDEAC}
		{189BB797-F867-4149-826F-6358F84CA202} = {6025950D-2423-4C9E-9B56-86B9460125F3}
		{49A4C497-218C-46DB-BD33-C3F0936444D7} = {6025950D-2423-4C9E-9B56-86B9460125F3}
		{8B5A8D25-92B2-4F9A-9C9D-503D034ECBAF} = {6025950D-2423-4C9E-9B56-86B9460125F3}
		{1B9F3E25-8371-4768-96B2-1FAB088B2235} = {6025950D-2423-4C9E-9B56-86B9460125F3}
		{9D8A8BC4-EF83-4487-9310-3D0C42AFAE7A} = {5889EA89-EC6A-4C2D-BFBC-FCA2FBC771A4}
		{7DB3AB74-C3CC-4118-908D-FB2AAF09A752} = {9D8A8BC4-EF83-4487-9310-3D0C42AFAE7A}
		{C10BA426-74D9-4A68-83A1-FCD98D46E46B} = {9D8A8BC4-EF83-4487-9310-3D0C42AFAE7A}
		{4596F41D-41D0-4F48-A209-C192C05A8891} = {9D8A8BC4-EF83-4487-9310-3D0C42AFAE7A}
		{BE2D7487-9908-4574-8990-88CAB8117F91} = {5889EA89-EC6A-4C2D-BFBC-FCA2FBC771A4}
		{E637286F-1816-4AC7-85CE-D68FCC92C140} = {BE2D7487-9908-4574-8990-88CAB8117F91}
		{69FBA7EE-0B5D-43C6-BD62-4921447AAFA0} = {BE2D7487-9908-4574-8990-88CAB8117F91}
		{FEA88280-388C-47A2-8569-03BFBB25868F} = {BE2D7487-9908-4574-8990-88CAB8117F91}
		{386AD6BE-C81B-4188-9B8A-A3EE2D90696B} = {BE2D7487-9908-4574-8990-88CAB8117F91}
		{56D4BF03-98C9-48CD-BD4D-E9C2EA3A4FDC} = {6025950D-2423-4C9E-9B56-86B9460125F3}
		{80AB0EE6-7544-4335-999B-E9E95A9DE688} = {D0239DE8-51CD-40DB-A69F-A8217D4FDEAC}
		{D9C17170-37B7-4998-80C2-21C5AC369199} = {80AB0EE6-7544-4335-999B-E9E95A9DE688}
		{1775C405-F631-4B70-8891-247C79A89B8F} = {80AB0EE6-7544-4335-999B-E9E95A9DE688}
		{16E8CD12-4AE8-4871-B3C3-FFA646320C4F} = {D0239DE8-51CD-40DB-A69F-A8217D4FDEAC}
		{54C31589-830B-4E60-A6FE-24818A44AFBD} = {16E8CD12-4AE8-4871-B3C3-FFA646320C4F}
		{8D5654FF-4655-4804-BFDF-918EE4DC86E5} = {5889EA89-EC6A-4C2D-BFBC-FCA2FBC771A4}
		{93139758-7316-4DB6-B3F3-779E80019555} = {8D5654FF-4655-4804-BFDF-918EE4DC86E5}
		{3F7FCBEB-74AE-44A9-BB2F-5E428AE36336} = {BE2D7487-9908-4574-8990-88CAB8117F91}
		{5918031B-6E6E-4EF9-9066-8DDBC1207122} = {5889EA89-EC6A-4C2D-BFBC-FCA2FBC771A4}
		{6AF0FF5E-FF24-44F8-B4C8-558646D9C28E} = {5918031B-6E6E-4EF9-9066-8DDBC1207122}
		{FEC3791A-6425-4BFE-B8AD-20721EBA06D4} = {5889EA89-EC6A-4C2D-BFBC-FCA2FBC771A4}
		{215A081B-8559-4F36-8E11-D27053DE0750} = {FEC3791A-6425-4BFE-B8AD-20721EBA06D4}
		{2EA3458A-7923-4D53-9F29-7242A46BBE3C} = {D0239DE8-51CD-40DB-A69F-A8217D4FDEAC}
		{B7BAE008-63B3-49F5-AD83-FF4F59140181} = {2EA3458A-7923-4D53-9F29-7242A46BBE3C}
		{864A9323-A1A7-470E-9ED4-F5EB0CF7F931} = {2EA3458A-7923-4D53-9F29-7242A46BBE3C}
		{4A429356-6D7D-46A6-B71A-F04EFEED8FC2} = {2EA3458A-7923-4D53-9F29-7242A46BBE3C}
		{E0E91F6E-C7A3-45C5-84F9-5F33EB6F9F0A} = {2EA3458A-7923-4D53-9F29-7242A46BBE3C}
		{A3EDC615-CD43-408E-BC22-08ED18639B41} = {2EA3458A-7923-4D53-9F29-7242A46BBE3C}
		{A36AB587-985B-4344-A831-AAEB7918C713} = {A3EDC615-CD43-408E-BC22-08ED18639B41}
		{6338D3B4-A983-490C-8FFC-80E570C83907} = {2EA3458A-7923-4D53-9F29-7242A46BBE3C}
		{B41EC95E-51A0-45A5-ABC8-6891DDEEB48C} = {6338D3B4-A983-490C-8FFC-80E570C83907}
		{5DAE5FF0-3183-43E8-8E9F-5DFDAB69D0BD} = {6338D3B4-A983-490C-8FFC-80E570C83907}
		{39C7BC22-3BE8-452C-BE47-CDB42B3C1CC8} = {5889EA89-EC6A-4C2D-BFBC-FCA2FBC771A4}
		{6EE1D4C7-77AC-47D9-B563-3F848D5F018E} = {39C7BC22-3BE8-452C-BE47-CDB42B3C1CC8}
		{AE36D206-E5A6-41F2-A4A5-126E8BF49EC8} = {39C7BC22-3BE8-452C-BE47-CDB42B3C1CC8}
		{03A76288-DE7A-4991-9490-D4FA81F68F1C} = {39C7BC22-3BE8-452C-BE47-CDB42B3C1CC8}
		{FE208CD8-6EA3-479D-B878-8A2D8C3AEF8F} = {39C7BC22-3BE8-452C-BE47-CDB42B3C1CC8}
		{553CDBB1-3404-41FD-AF0D-F5B0F4D3B856} = {D0239DE8-51CD-40DB-A69F-A8217D4FDEAC}
		{83C8C7A5-1939-488D-9163-25743A968A50} = {553CDBB1-3404-41FD-AF0D-F5B0F4D3B856}
		{54DC5207-F36A-43E0-94DC-2034E7799E0D} = {553CDBB1-3404-41FD-AF0D-F5B0F4D3B856}
	EndGlobalSection
	GlobalSection(ExtensibilityGlobals) = postSolution
		SolutionGuid = {42778F41-63F5-4C12-8162-D381AAAA12EA}
	EndGlobalSection
EndGlobal
