
Microsoft Visual Studio Solution File, Format Version 12.00
# Visual Studio Version 17
VisualStudioVersion = 17.0.32014.148
MinimumVisualStudioVersion = 10.0.40219.1
Project("{9A19103F-16F7-4668-BE54-9A1E7A4F7556}") = "BilerOgEjere", "BilerOgEjere\BilerOgEjere.csproj", "{A9369DB8-427E-462E-AC5F-F2811C20338E}"
EndProject
Global
	GlobalSection(SolutionConfigurationPlatforms) = preSolution
		Debug|Any CPU = Debug|Any CPU
		Release|Any CPU = Release|Any CPU
	EndGlobalSection
	GlobalSection(ProjectConfigurationPlatforms) = postSolution
		{A9369DB8-427E-462E-AC5F-F2811C20338E}.Debug|Any CPU.ActiveCfg = Debug|Any CPU
		{A9369DB8-427E-462E-AC5F-F2811C20338E}.Debug|Any CPU.Build.0 = Debug|Any CPU
		{A9369DB8-427E-462E-AC5F-F2811C20338E}.Release|Any CPU.ActiveCfg = Release|Any CPU
		{A9369DB8-427E-462E-AC5F-F2811C20338E}.Release|Any CPU.Build.0 = Release|Any CPU
	EndGlobalSection
	GlobalSection(SolutionProperties) = preSolution
		HideSolutionNode = FALSE
	EndGlobalSection
	GlobalSection(ExtensibilityGlobals) = postSolution
		SolutionGuid = {7F568900-BBD4-46EC-9EC4-E1A8271F4F6C}
	EndGlobalSection
EndGlobal
